
Microsoft Visual Studio Solution File, Format Version 12.00
# Visual Studio 14
VisualStudioVersion = 14.0.22609.0
MinimumVisualStudioVersion = 10.0.40219.1
Project("{2150E333-8FDC-42A3-9474-1A3956D46DE8}") = "7-Labs", "7-Labs", "{A6AC133D-554D-4DE0-A239-981FB9CAAEBA}"
EndProject
Project("{2150E333-8FDC-42A3-9474-1A3956D46DE8}") = "3-Domain", "3-Domain", "{6B30F856-2589-4217-BA6C-92E4B5DA49B6}"
EndProject
Project("{FAE04EC0-301F-11D3-BF4B-00C04F79EFBC}") = "GrainInterface", "Labs\GrainInterface\GrainInterface.csproj", "{A62C0D13-062A-4992-BBA9-AE7B5C9498CC}"
EndProject
Project("{FAE04EC0-301F-11D3-BF4B-00C04F79EFBC}") = "Grains", "Labs\Grains\Grains.csproj", "{BA713541-FF67-43E3-A562-FB05B5E705C1}"
EndProject
Project("{FAE04EC0-301F-11D3-BF4B-00C04F79EFBC}") = "SiloHost", "Labs\SiloHost\SiloHost.csproj", "{C3B357A1-BDFB-4E82-8D76-4C055D21DBBA}"
EndProject
Project("{FAE04EC0-301F-11D3-BF4B-00C04F79EFBC}") = "Yuyi.Jinyinmao.Domain.User.Interface", "Domain\Yuyi.Jinyinmao.Domain.User.Interface\Yuyi.Jinyinmao.Domain.User.Interface.csproj", "{596F9CB8-45FF-4D76-ACD6-037938ED5EEE}"
EndProject
Project("{2150E333-8FDC-42A3-9474-1A3956D46DE8}") = "8-Packages", "8-Packages", "{70973739-B9FB-4AD8-B051-A74574D36DC5}"
EndProject
Project("{FAE04EC0-301F-11D3-BF4B-00C04F79EFBC}") = "MoeOrleans", "..\..\..\..\..\Moe\Repositories\MoeOrleans\MoeOrleans\MoeOrleans.csproj", "{8237BE87-2719-4570-8EDF-05CEDFBEB42F}"
EndProject
Project("{FAE04EC0-301F-11D3-BF4B-00C04F79EFBC}") = "Yuyi.Jinyinmao.Domain.User", "Domain\Yuyi.Jinyinmao.Domain.User\Yuyi.Jinyinmao.Domain.User.csproj", "{BD85B692-CB20-481B-9628-452D41971A92}"
EndProject
Global
	GlobalSection(SolutionConfigurationPlatforms) = preSolution
		Debug|Any CPU = Debug|Any CPU
		Release|Any CPU = Release|Any CPU
	EndGlobalSection
	GlobalSection(ProjectConfigurationPlatforms) = postSolution
		{A62C0D13-062A-4992-BBA9-AE7B5C9498CC}.Debug|Any CPU.ActiveCfg = Debug|Any CPU
		{A62C0D13-062A-4992-BBA9-AE7B5C9498CC}.Debug|Any CPU.Build.0 = Debug|Any CPU
		{A62C0D13-062A-4992-BBA9-AE7B5C9498CC}.Release|Any CPU.ActiveCfg = Release|Any CPU
		{A62C0D13-062A-4992-BBA9-AE7B5C9498CC}.Release|Any CPU.Build.0 = Release|Any CPU
		{BA713541-FF67-43E3-A562-FB05B5E705C1}.Debug|Any CPU.ActiveCfg = Debug|Any CPU
		{BA713541-FF67-43E3-A562-FB05B5E705C1}.Debug|Any CPU.Build.0 = Debug|Any CPU
		{BA713541-FF67-43E3-A562-FB05B5E705C1}.Release|Any CPU.ActiveCfg = Release|Any CPU
		{BA713541-FF67-43E3-A562-FB05B5E705C1}.Release|Any CPU.Build.0 = Release|Any CPU
		{C3B357A1-BDFB-4E82-8D76-4C055D21DBBA}.Debug|Any CPU.ActiveCfg = Debug|Any CPU
		{C3B357A1-BDFB-4E82-8D76-4C055D21DBBA}.Debug|Any CPU.Build.0 = Debug|Any CPU
		{C3B357A1-BDFB-4E82-8D76-4C055D21DBBA}.Release|Any CPU.ActiveCfg = Release|Any CPU
		{C3B357A1-BDFB-4E82-8D76-4C055D21DBBA}.Release|Any CPU.Build.0 = Release|Any CPU
		{596F9CB8-45FF-4D76-ACD6-037938ED5EEE}.Debug|Any CPU.ActiveCfg = Debug|Any CPU
		{596F9CB8-45FF-4D76-ACD6-037938ED5EEE}.Debug|Any CPU.Build.0 = Debug|Any CPU
		{596F9CB8-45FF-4D76-ACD6-037938ED5EEE}.Release|Any CPU.ActiveCfg = Release|Any CPU
		{596F9CB8-45FF-4D76-ACD6-037938ED5EEE}.Release|Any CPU.Build.0 = Release|Any CPU
		{8237BE87-2719-4570-8EDF-05CEDFBEB42F}.Debug|Any CPU.ActiveCfg = Debug|Any CPU
		{8237BE87-2719-4570-8EDF-05CEDFBEB42F}.Debug|Any CPU.Build.0 = Debug|Any CPU
		{8237BE87-2719-4570-8EDF-05CEDFBEB42F}.Release|Any CPU.ActiveCfg = Release|Any CPU
		{8237BE87-2719-4570-8EDF-05CEDFBEB42F}.Release|Any CPU.Build.0 = Release|Any CPU
		{BD85B692-CB20-481B-9628-452D41971A92}.Debug|Any CPU.ActiveCfg = Debug|Any CPU
		{BD85B692-CB20-481B-9628-452D41971A92}.Debug|Any CPU.Build.0 = Debug|Any CPU
		{BD85B692-CB20-481B-9628-452D41971A92}.Release|Any CPU.ActiveCfg = Release|Any CPU
		{BD85B692-CB20-481B-9628-452D41971A92}.Release|Any CPU.Build.0 = Release|Any CPU
	EndGlobalSection
	GlobalSection(SolutionProperties) = preSolution
		HideSolutionNode = FALSE
	EndGlobalSection
	GlobalSection(NestedProjects) = preSolution
		{A62C0D13-062A-4992-BBA9-AE7B5C9498CC} = {A6AC133D-554D-4DE0-A239-981FB9CAAEBA}
		{BA713541-FF67-43E3-A562-FB05B5E705C1} = {A6AC133D-554D-4DE0-A239-981FB9CAAEBA}
		{C3B357A1-BDFB-4E82-8D76-4C055D21DBBA} = {A6AC133D-554D-4DE0-A239-981FB9CAAEBA}
		{596F9CB8-45FF-4D76-ACD6-037938ED5EEE} = {6B30F856-2589-4217-BA6C-92E4B5DA49B6}
		{8237BE87-2719-4570-8EDF-05CEDFBEB42F} = {70973739-B9FB-4AD8-B051-A74574D36DC5}
		{BD85B692-CB20-481B-9628-452D41971A92} = {6B30F856-2589-4217-BA6C-92E4B5DA49B6}
	EndGlobalSection
EndGlobal
