
Microsoft Visual Studio Solution File, Format Version 12.00
# Visual Studio 2013
VisualStudioVersion = 12.0.30723.0
MinimumVisualStudioVersion = 10.0.40219.1
Project("{2150E333-8FDC-42A3-9474-1A3956D46DE8}") = "7-Labs", "7-Labs", "{CA3E3E9A-751D-4C6C-B969-59B7DF0B87D6}"
EndProject
Project("{2150E333-8FDC-42A3-9474-1A3956D46DE8}") = "1-Presentation", "1-Presentation", "{BCE40BBA-99AD-4389-A960-5773AB3ED4E3}"
EndProject
Project("{2150E333-8FDC-42A3-9474-1A3956D46DE8}") = "5-Test", "5-Test", "{5C75407A-FD82-4C4D-9220-41451D7BDA91}"
EndProject
Project("{2150E333-8FDC-42A3-9474-1A3956D46DE8}") = "6-Solution Items", "6-Solution Items", "{A9B190A7-9503-4A6D-BE7E-363FD29F2915}"
EndProject
Project("{2150E333-8FDC-42A3-9474-1A3956D46DE8}") = "8-Publish", "8-Publish", "{D1EA294E-BB79-4330-A6A8-1545576922FB}"
EndProject
Project("{2150E333-8FDC-42A3-9474-1A3956D46DE8}") = "0-Modeling and Design", "0-Modeling and Design", "{588A1D3F-A19C-4EAB-AA3F-E83EB3A10881}"
EndProject
Project("{2150E333-8FDC-42A3-9474-1A3956D46DE8}") = "6.1-Resources", "6.1-Resources", "{F2ACEB1B-6EA7-404C-96A0-18F86FE19A40}"
	ProjectSection(SolutionItems) = preProject
		Solution Items\Resources\CQRS.note = Solution Items\Resources\CQRS.note
		Resources\favicon.ico = Resources\favicon.ico
		Resources\HttpStatusCode.txt = Resources\HttpStatusCode.txt
	EndProjectSection
EndProject
Project("{2150E333-8FDC-42A3-9474-1A3956D46DE8}") = "8.1-DeploymentDocuments", "8.1-DeploymentDocuments", "{D6DB20F9-EBCD-4BF3-A3B1-CA907C51ABED}"
EndProject
Project("{2150E333-8FDC-42A3-9474-1A3956D46DE8}") = "8.2-Releases", "8.2-Releases", "{5C10590D-6666-41B5-912C-D2FD50FFAD13}"
EndProject
Project("{2150E333-8FDC-42A3-9474-1A3956D46DE8}") = "3-Domain", "3-Domain", "{EDE41545-7F3E-483C-AA45-37DD75FE6A69}"
EndProject
Project("{2150E333-8FDC-42A3-9474-1A3956D46DE8}") = "4-Infrastructure", "4-Infrastructure", "{75F35B95-FF72-4D42-93CF-0E9D0D75A512}"
EndProject
Project("{2150E333-8FDC-42A3-9474-1A3956D46DE8}") = "Cache", "Cache", "{EB354443-B553-489C-9EBB-8E0077FD190A}"
EndProject
Project("{2150E333-8FDC-42A3-9474-1A3956D46DE8}") = "Data", "Data", "{C3F5F871-D0A0-4165-B57F-06068A9E63EF}"
EndProject
Project("{FAE04EC0-301F-11D3-BF4B-00C04F79EFBC}") = "Infrastructure.Data.EntityFramework.Extensions", "Infrastructure\Data\Infrastructure.Data.EntityFramework.Extensions\Infrastructure.Data.EntityFramework.Extensions.csproj", "{DDEEF51E-946C-4BF2-930D-8566F7B9C9CE}"
EndProject
Project("{FAE04EC0-301F-11D3-BF4B-00C04F79EFBC}") = "Infrastructure.Cache.Couchbase", "Infrastructure\Cache\Infrastructure.Cache.Couchbase\Infrastructure.Cache.Couchbase.csproj", "{F0C90EF2-76FF-4AB5-BF99-F33284F2003B}"
EndProject
Project("{FAE04EC0-301F-11D3-BF4B-00C04F79EFBC}") = "DevelopmentConsole", "Labs\DevelopmentConsole\DevelopmentConsole.csproj", "{84FC4B17-25AA-487F-95C6-D82FAEAD6D03}"
EndProject
Project("{2150E333-8FDC-42A3-9474-1A3956D46DE8}") = "2-Services", "2-Services", "{10682EE3-1B02-479E-8483-BE0A28D4507E}"
EndProject
Project("{2150E333-8FDC-42A3-9474-1A3956D46DE8}") = "SMS", "SMS", "{477E7057-784E-4B16-94F8-C2F90A02788C}"
EndProject
Project("{FAE04EC0-301F-11D3-BF4B-00C04F79EFBC}") = "Infrastructure.SMS", "Infrastructure\SMS\Infrastructure.SMS\Infrastructure.SMS.csproj", "{62274FC5-6C40-4803-BA92-DFD5F261C01F}"
EndProject
Project("{FAE04EC0-301F-11D3-BF4B-00C04F79EFBC}") = "Infrastructure.Cache.Runtime", "Infrastructure\Cache\Infrastructure.Cache.Runtime\Infrastructure.Cache.Runtime.csproj", "{9B41EDB6-8814-40F9-A0C8-088B43E9D3BC}"
EndProject
Project("{FAE04EC0-301F-11D3-BF4B-00C04F79EFBC}") = "Infrastructure.Cache.Interface", "Infrastructure\Cache\Infrastructure.Cache.Interface\Infrastructure.Cache.Interface.csproj", "{D11D9354-AFB9-4016-B8BC-D23411741E9E}"
EndProject
Project("{2150E333-8FDC-42A3-9474-1A3956D46DE8}") = "Scheduler", "Scheduler", "{867685E9-32F4-4D65-8019-C13E89837619}"
EndProject
Project("{2150E333-8FDC-42A3-9474-1A3956D46DE8}") = "6.2-Toolkits", "6.2-Toolkits", "{FFFBC57C-0E70-4E01-887E-4AFB5C4CC983}"
EndProject
Project("{F088123C-0E9E-452A-89E6-6BA2F21D5CAC}") = "Modeling", "Modeling&Design\Modeling\Modeling.modelproj", "{3A429E7D-8966-4D8F-94CA-EEB49D0BB0F2}"
EndProject
Project("{FAE04EC0-301F-11D3-BF4B-00C04F79EFBC}") = "Infrastructure.EL.TransientFaultHandling", "Infrastructure\EnterpriseLibrary\Infrastructure.EL.TransientFaultHandling\Infrastructure.EL.TransientFaultHandling.csproj", "{8B22DA28-97A9-4F59-A07C-768813B3A54E}"
EndProject
Project("{2150E333-8FDC-42A3-9474-1A3956D46DE8}") = "EnterpriseLibrary", "EnterpriseLibrary", "{D68E7BA5-CC5E-4B09-BFBC-B8CD8CF9A026}"
EndProject
Project("{2150E333-8FDC-42A3-9474-1A3956D46DE8}") = "Lib", "Lib", "{B48481DA-26F2-42AB-B392-5D3AE3D5DF7E}"
EndProject
Project("{FAE04EC0-301F-11D3-BF4B-00C04F79EFBC}") = "Infrastructure.Lib", "Infrastructure\Lib\Infrastructure.Lib\Infrastructure.Lib.csproj", "{C4B983E3-1506-4F1E-9615-8E863E864336}"
EndProject
Project("{2150E333-8FDC-42A3-9474-1A3956D46DE8}") = "Gateway", "Gateway", "{5993DB74-6DB1-4A8F-99D2-64CD5AF0C5EC}"
EndProject
Project("{FAE04EC0-301F-11D3-BF4B-00C04F79EFBC}") = "Infrastructure.Cache.Redis", "Infrastructure\Cache\Infrastructure.Cache.Redis\Infrastructure.Cache.Redis.csproj", "{D965A28E-29D8-415C-A038-5EBDD61F5634}"
EndProject
Project("{FAE04EC0-301F-11D3-BF4B-00C04F79EFBC}") = "Infrastructure.Gateway.Payment.Yilian", "Infrastructure\Gateway\Infrastructure.Gateway.Payment.Yilian\Infrastructure.Gateway.Payment.Yilian.csproj", "{49FC26DC-95FE-404D-90D3-8821DD5B423F}"
EndProject
Project("{2150E333-8FDC-42A3-9474-1A3956D46DE8}") = ".nuget", ".nuget", "{A17A04EA-E83C-4503-BBD8-A09BF25CBDFA}"
	ProjectSection(SolutionItems) = preProject
		.nuget\packages.config = .nuget\packages.config
	EndProjectSection
EndProject
Project("{FAE04EC0-301F-11D3-BF4B-00C04F79EFBC}") = "Infrastructure.Gateway.OldCat", "Infrastructure\Gateway\Infrastructure.Gateway.OldCat\Infrastructure.Gateway.OldCat\Infrastructure.Gateway.OldCat.csproj", "{CF8F0988-30C7-4E1F-83DB-A742ED2DAA71}"
EndProject
Project("{FAE04EC0-301F-11D3-BF4B-00C04F79EFBC}") = "PublishOrderBuildedEventToolkit", "Solution Items\Toolkits\PublishOrderBuildedEventToolkit\PublishOrderBuildedEventToolkit.csproj", "{F9DC3EA1-4478-44E8-82AD-919A90EF2020}"
EndProject
Project("{FAE04EC0-301F-11D3-BF4B-00C04F79EFBC}") = "nyanya.AspDotNet.Common", "Services\nyanya.AspDotNet.Common\nyanya.AspDotNet.Common.csproj", "{C18F092C-F5C8-408F-A1FD-8AB97C3DAD63}"
EndProject
Project("{2150E333-8FDC-42A3-9474-1A3956D46DE8}") = "3.1-Cat", "3.1-Cat", "{376A5D08-7D0E-47F6-8705-DE41797F82F1}"
EndProject
Project("{2150E333-8FDC-42A3-9474-1A3956D46DE8}") = "3.2-Xingye", "3.2-Xingye", "{8D445E1C-4960-4E41-AF5F-3661549F9BA9}"
EndProject
Project("{FAE04EC0-301F-11D3-BF4B-00C04F79EFBC}") = "nyanya.Domian", "Domain\nyanya.Domian\nyanya.Domian.csproj", "{4E8DA591-CF20-49BC-BBE0-A47E624D92C8}"
EndProject
Project("{FAE04EC0-301F-11D3-BF4B-00C04F79EFBC}") = "Cat.Commands.Orders", "Domain\Cat\Cat.Commands.Orders\Cat.Commands.Orders.csproj", "{4F78BB87-396B-4E1B-8B59-6FF94722D76E}"
EndProject
Project("{FAE04EC0-301F-11D3-BF4B-00C04F79EFBC}") = "Cat.Commands.Products", "Domain\Cat\Cat.Commands.Products\Cat.Commands.Products.csproj", "{EB55D489-14F9-4A26-BE63-86BDBB1BC3B6}"
EndProject
Project("{FAE04EC0-301F-11D3-BF4B-00C04F79EFBC}") = "Cat.Commands.Users", "Domain\Cat\Cat.Commands.Users\Cat.Commands.Users.csproj", "{6D2107FE-E631-479D-99F1-5F1A49DC69C3}"
EndProject
Project("{FAE04EC0-301F-11D3-BF4B-00C04F79EFBC}") = "Cat.Domain.Auth", "Domain\Cat\Cat.Domain.Auth\Cat.Domain.Auth.csproj", "{7810DA1C-5AD4-4B77-B2A5-D5D62A0D5D14}"
EndProject
Project("{FAE04EC0-301F-11D3-BF4B-00C04F79EFBC}") = "Cat.Domain.Meow", "Domain\Cat\Cat.Domain.Meow\Cat.Domain.Meow.csproj", "{7F9B9F7F-FBCF-4591-8A3B-F738A1258A73}"
EndProject
Project("{FAE04EC0-301F-11D3-BF4B-00C04F79EFBC}") = "Cat.Events.Orders", "Domain\Cat\Cat.Events.Orders\Cat.Events.Orders.csproj", "{60D1BDB1-A362-4AE7-9E42-9E370C0C1240}"
EndProject
Project("{FAE04EC0-301F-11D3-BF4B-00C04F79EFBC}") = "Cat.Events.Products", "Domain\Cat\Cat.Events.Products\Cat.Events.Products.csproj", "{5D5D44F2-3418-4016-8CF5-B1D163E401C4}"
EndProject
Project("{FAE04EC0-301F-11D3-BF4B-00C04F79EFBC}") = "Cat.Events.Users", "Domain\Cat\Cat.Events.Users\Cat.Events.Users.csproj", "{6BA43977-D3A7-40FB-9E66-A46661910B18}"
EndProject
Project("{FAE04EC0-301F-11D3-BF4B-00C04F79EFBC}") = "Cat.Events.Yilian", "Domain\Cat\Cat.Events.Yilian\Cat.Events.Yilian.csproj", "{645B5698-BAAE-41F8-8F2E-78C2EEC918D0}"
EndProject
Project("{FAE04EC0-301F-11D3-BF4B-00C04F79EFBC}") = "Cat.Domain.Orders", "Domain\Cat\Cat.Domain.Orders\Cat.Domain.Orders.csproj", "{DBC027F3-E138-4D63-A9F2-665EE0624B58}"
EndProject
Project("{FAE04EC0-301F-11D3-BF4B-00C04F79EFBC}") = "Cat.Domain.Products", "Domain\Cat\Cat.Domain.Products\Cat.Domain.Products.csproj", "{A2A45777-208B-4AC3-9692-BCF79F784B59}"
EndProject
Project("{FAE04EC0-301F-11D3-BF4B-00C04F79EFBC}") = "Cat.Domain.Users", "Domain\Cat\Cat.Domain.Users\Cat.Domain.Users.csproj", "{59F1CA85-5770-4D1A-945F-EB1D7AAA420C}"
EndProject
Project("{FAE04EC0-301F-11D3-BF4B-00C04F79EFBC}") = "Cat.Domain.Yilian", "Domain\Cat\Cat.Domain.Yilian\Cat.Domain.Yilian.csproj", "{ECE37B5D-3378-4092-A650-C6F942BEB9E1}"
EndProject
Project("{FAE04EC0-301F-11D3-BF4B-00C04F79EFBC}") = "Xingye.Commands.Products", "Domain\Xingye\Xingye.Commands.Products\Xingye.Commands.Products.csproj", "{D9B62B05-9BF3-46F2-A780-F65CF06032A3}"
EndProject
Project("{FAE04EC0-301F-11D3-BF4B-00C04F79EFBC}") = "Xingye.Commands.Users", "Domain\Xingye\Xingye.Commands.Users\Xingye.Commands.Users.csproj", "{4EBD6810-D713-4EEF-905E-FFFA6E51DD9B}"
EndProject
Project("{FAE04EC0-301F-11D3-BF4B-00C04F79EFBC}") = "Xingye.Events.Orders", "Domain\Xingye\Xingye.Events.Orders\Xingye.Events.Orders.csproj", "{3AC8270F-5B3A-47B3-861B-0359EF9B2DF7}"
EndProject
Project("{FAE04EC0-301F-11D3-BF4B-00C04F79EFBC}") = "Xingye.Events.Products", "Domain\Xingye\Xingye.Events.Products\Xingye.Events.Products.csproj", "{7030F14B-3764-4B5F-8823-E8D5E6D6DF1B}"
EndProject
Project("{FAE04EC0-301F-11D3-BF4B-00C04F79EFBC}") = "Xingye.Events.Users", "Domain\Xingye\Xingye.Events.Users\Xingye.Events.Users.csproj", "{0794171E-0A0D-4276-B299-DC90735F993E}"
EndProject
Project("{FAE04EC0-301F-11D3-BF4B-00C04F79EFBC}") = "Xingye.Events.Yilian", "Domain\Xingye\Xingye.Events.Yilian\Xingye.Events.Yilian.csproj", "{352B31B0-C9DC-4A51-B3C2-4432CFB0C946}"
EndProject
Project("{FAE04EC0-301F-11D3-BF4B-00C04F79EFBC}") = "Xingye.Domain.Auth", "Domain\Xingye\Xingye.Domain.Auth\Xingye.Domain.Auth.csproj", "{4F60AA71-DC93-438A-9A24-AEFB5EBC3B0B}"
EndProject
Project("{FAE04EC0-301F-11D3-BF4B-00C04F79EFBC}") = "Xingye.Domain.Meow", "Domain\Xingye\Xingye.Domain.Meow\Xingye.Domain.Meow.csproj", "{5DF583A3-6495-4DB7-8F19-E043DD40691A}"
EndProject
Project("{FAE04EC0-301F-11D3-BF4B-00C04F79EFBC}") = "Xingye.Domain.Orders", "Domain\Xingye\Xingye.Domain.Orders\Xingye.Domain.Orders.csproj", "{5BF68725-F235-494F-84D2-5BE30F9B6882}"
EndProject
Project("{FAE04EC0-301F-11D3-BF4B-00C04F79EFBC}") = "Xingye.Domain.Products", "Domain\Xingye\Xingye.Domain.Products\Xingye.Domain.Products.csproj", "{2BD7BB26-5406-4FE5-BAC2-7EB5854F91EA}"
EndProject
Project("{FAE04EC0-301F-11D3-BF4B-00C04F79EFBC}") = "Xingye.Domain.Users", "Domain\Xingye\Xingye.Domain.Users\Xingye.Domain.Users.csproj", "{B3FF3BE0-46D4-4A5A-BBEE-7FBBF6FC7385}"
EndProject
Project("{FAE04EC0-301F-11D3-BF4B-00C04F79EFBC}") = "Xingye.Domain.Yilian", "Domain\Xingye\Xingye.Domain.Yilian\Xingye.Domain.Yilian.csproj", "{5DF2711D-E50D-4C0A-95DB-2E29EFCC5912}"
EndProject
Project("{FAE04EC0-301F-11D3-BF4B-00C04F79EFBC}") = "Xingye.Commands.Orders", "Domain\Xingye\Xingye.Commands.Orders\Xingye.Commands.Orders.csproj", "{5DDE3A35-50B5-41C5-B1B9-F34914647200}"
EndProject
Project("{FAE04EC0-301F-11D3-BF4B-00C04F79EFBC}") = "RestoreSaleInfoToCouchbase", "Solution Items\Toolkits\RestoreSaleInfoToCouchbase\RestoreSaleInfoToCouchbase.csproj", "{A9139765-D0F5-4A7D-A60D-B4FEA3D8DA1E}"
EndProject
Project("{FAE04EC0-301F-11D3-BF4B-00C04F79EFBC}") = "RepublishEvent", "Solution Items\Toolkits\RepublishEvent\RepublishEvent.csproj", "{76A1117A-9EEF-4FD2-902D-3DD1376E4D81}"
EndProject
Project("{FAE04EC0-301F-11D3-BF4B-00C04F79EFBC}") = "Infrastructure.EL.ExceptionHandling", "Infrastructure\EnterpriseLibrary\Infrastructure.EL.ExceptionHandling\Infrastructure.EL.ExceptionHandling.csproj", "{85D3734F-DB0B-4906-94AC-2DF0E3EDA9E5}"
EndProject
Project("{FAE04EC0-301F-11D3-BF4B-00C04F79EFBC}") = "Infrastructure.Xingye.Gateway.Payment.Yilian", "Infrastructure\Gateway\Infrastructure.Xingye.Gateway.Payment.Yilian\Infrastructure.Xingye.Gateway.Payment.Yilian.csproj", "{57728D50-624C-44B9-AECC-9B27F860C13E}"
EndProject
Project("{FAE04EC0-301F-11D3-BF4B-00C04F79EFBC}") = "LoadTestProject", "LoadTestProject\LoadTestProject.csproj", "{DDA86D2B-EE00-4847-890E-F9A289576C00}"
EndProject
Project("{FAE04EC0-301F-11D3-BF4B-00C04F79EFBC}") = "nyanya.Cat", "Services\nyanya.Cat\nyanya.Cat.csproj", "{CC97BBBF-D12E-4254-BDF1-ECB7A3C846B6}"
EndProject
Project("{FAE04EC0-301F-11D3-BF4B-00C04F79EFBC}") = "nyanya.Internal", "Services\nyanya.Internal\nyanya.Internal.csproj", "{FA85748A-2787-41D3-A392-E38281FC381D}"
EndProject
Project("{FAE04EC0-301F-11D3-BF4B-00C04F79EFBC}") = "nyanya.Meow", "Services\nyanya.Meow\nyanya.Meow.csproj", "{10F901D8-F60C-41B5-BCDD-E5576E0A3A2D}"
EndProject
Global
	GlobalSection(SolutionConfigurationPlatforms) = preSolution
		Debug|Any CPU = Debug|Any CPU
		Release|Any CPU = Release|Any CPU
	EndGlobalSection
	GlobalSection(ProjectConfigurationPlatforms) = postSolution
		{DDEEF51E-946C-4BF2-930D-8566F7B9C9CE}.Debug|Any CPU.ActiveCfg = Debug|Any CPU
		{DDEEF51E-946C-4BF2-930D-8566F7B9C9CE}.Debug|Any CPU.Build.0 = Debug|Any CPU
		{DDEEF51E-946C-4BF2-930D-8566F7B9C9CE}.Release|Any CPU.ActiveCfg = Release|Any CPU
		{DDEEF51E-946C-4BF2-930D-8566F7B9C9CE}.Release|Any CPU.Build.0 = Release|Any CPU
		{F0C90EF2-76FF-4AB5-BF99-F33284F2003B}.Debug|Any CPU.ActiveCfg = Debug|Any CPU
		{F0C90EF2-76FF-4AB5-BF99-F33284F2003B}.Debug|Any CPU.Build.0 = Debug|Any CPU
		{F0C90EF2-76FF-4AB5-BF99-F33284F2003B}.Release|Any CPU.ActiveCfg = Release|Any CPU
		{F0C90EF2-76FF-4AB5-BF99-F33284F2003B}.Release|Any CPU.Build.0 = Release|Any CPU
		{84FC4B17-25AA-487F-95C6-D82FAEAD6D03}.Debug|Any CPU.ActiveCfg = Debug|Any CPU
		{84FC4B17-25AA-487F-95C6-D82FAEAD6D03}.Debug|Any CPU.Build.0 = Debug|Any CPU
		{84FC4B17-25AA-487F-95C6-D82FAEAD6D03}.Release|Any CPU.ActiveCfg = Release|Any CPU
		{84FC4B17-25AA-487F-95C6-D82FAEAD6D03}.Release|Any CPU.Build.0 = Release|Any CPU
		{62274FC5-6C40-4803-BA92-DFD5F261C01F}.Debug|Any CPU.ActiveCfg = Debug|Any CPU
		{62274FC5-6C40-4803-BA92-DFD5F261C01F}.Debug|Any CPU.Build.0 = Debug|Any CPU
		{62274FC5-6C40-4803-BA92-DFD5F261C01F}.Release|Any CPU.ActiveCfg = Release|Any CPU
		{62274FC5-6C40-4803-BA92-DFD5F261C01F}.Release|Any CPU.Build.0 = Release|Any CPU
		{9B41EDB6-8814-40F9-A0C8-088B43E9D3BC}.Debug|Any CPU.ActiveCfg = Debug|Any CPU
		{9B41EDB6-8814-40F9-A0C8-088B43E9D3BC}.Debug|Any CPU.Build.0 = Debug|Any CPU
		{9B41EDB6-8814-40F9-A0C8-088B43E9D3BC}.Release|Any CPU.ActiveCfg = Release|Any CPU
		{9B41EDB6-8814-40F9-A0C8-088B43E9D3BC}.Release|Any CPU.Build.0 = Release|Any CPU
		{D11D9354-AFB9-4016-B8BC-D23411741E9E}.Debug|Any CPU.ActiveCfg = Debug|Any CPU
		{D11D9354-AFB9-4016-B8BC-D23411741E9E}.Debug|Any CPU.Build.0 = Debug|Any CPU
		{D11D9354-AFB9-4016-B8BC-D23411741E9E}.Release|Any CPU.ActiveCfg = Release|Any CPU
		{D11D9354-AFB9-4016-B8BC-D23411741E9E}.Release|Any CPU.Build.0 = Release|Any CPU
		{3A429E7D-8966-4D8F-94CA-EEB49D0BB0F2}.Debug|Any CPU.ActiveCfg = Debug|Any CPU
		{3A429E7D-8966-4D8F-94CA-EEB49D0BB0F2}.Debug|Any CPU.Build.0 = Debug|Any CPU
		{3A429E7D-8966-4D8F-94CA-EEB49D0BB0F2}.Release|Any CPU.ActiveCfg = Release|Any CPU
		{3A429E7D-8966-4D8F-94CA-EEB49D0BB0F2}.Release|Any CPU.Build.0 = Release|Any CPU
		{8B22DA28-97A9-4F59-A07C-768813B3A54E}.Debug|Any CPU.ActiveCfg = Debug|Any CPU
		{8B22DA28-97A9-4F59-A07C-768813B3A54E}.Debug|Any CPU.Build.0 = Debug|Any CPU
		{8B22DA28-97A9-4F59-A07C-768813B3A54E}.Release|Any CPU.ActiveCfg = Release|Any CPU
		{8B22DA28-97A9-4F59-A07C-768813B3A54E}.Release|Any CPU.Build.0 = Release|Any CPU
		{C4B983E3-1506-4F1E-9615-8E863E864336}.Debug|Any CPU.ActiveCfg = Debug|Any CPU
		{C4B983E3-1506-4F1E-9615-8E863E864336}.Debug|Any CPU.Build.0 = Debug|Any CPU
		{C4B983E3-1506-4F1E-9615-8E863E864336}.Release|Any CPU.ActiveCfg = Release|Any CPU
		{C4B983E3-1506-4F1E-9615-8E863E864336}.Release|Any CPU.Build.0 = Release|Any CPU
		{D965A28E-29D8-415C-A038-5EBDD61F5634}.Debug|Any CPU.ActiveCfg = Debug|Any CPU
		{D965A28E-29D8-415C-A038-5EBDD61F5634}.Debug|Any CPU.Build.0 = Debug|Any CPU
		{D965A28E-29D8-415C-A038-5EBDD61F5634}.Release|Any CPU.ActiveCfg = Release|Any CPU
		{D965A28E-29D8-415C-A038-5EBDD61F5634}.Release|Any CPU.Build.0 = Release|Any CPU
		{49FC26DC-95FE-404D-90D3-8821DD5B423F}.Debug|Any CPU.ActiveCfg = Debug|Any CPU
		{49FC26DC-95FE-404D-90D3-8821DD5B423F}.Debug|Any CPU.Build.0 = Debug|Any CPU
		{49FC26DC-95FE-404D-90D3-8821DD5B423F}.Release|Any CPU.ActiveCfg = Release|Any CPU
		{49FC26DC-95FE-404D-90D3-8821DD5B423F}.Release|Any CPU.Build.0 = Release|Any CPU
		{CF8F0988-30C7-4E1F-83DB-A742ED2DAA71}.Debug|Any CPU.ActiveCfg = Debug|Any CPU
		{CF8F0988-30C7-4E1F-83DB-A742ED2DAA71}.Debug|Any CPU.Build.0 = Debug|Any CPU
		{CF8F0988-30C7-4E1F-83DB-A742ED2DAA71}.Release|Any CPU.ActiveCfg = Release|Any CPU
		{CF8F0988-30C7-4E1F-83DB-A742ED2DAA71}.Release|Any CPU.Build.0 = Release|Any CPU
		{F9DC3EA1-4478-44E8-82AD-919A90EF2020}.Debug|Any CPU.ActiveCfg = Debug|Any CPU
		{F9DC3EA1-4478-44E8-82AD-919A90EF2020}.Debug|Any CPU.Build.0 = Debug|Any CPU
		{F9DC3EA1-4478-44E8-82AD-919A90EF2020}.Release|Any CPU.ActiveCfg = Release|Any CPU
		{F9DC3EA1-4478-44E8-82AD-919A90EF2020}.Release|Any CPU.Build.0 = Release|Any CPU
		{C18F092C-F5C8-408F-A1FD-8AB97C3DAD63}.Debug|Any CPU.ActiveCfg = Debug|Any CPU
		{C18F092C-F5C8-408F-A1FD-8AB97C3DAD63}.Debug|Any CPU.Build.0 = Debug|Any CPU
		{C18F092C-F5C8-408F-A1FD-8AB97C3DAD63}.Release|Any CPU.ActiveCfg = Release|Any CPU
		{C18F092C-F5C8-408F-A1FD-8AB97C3DAD63}.Release|Any CPU.Build.0 = Release|Any CPU
		{4E8DA591-CF20-49BC-BBE0-A47E624D92C8}.Debug|Any CPU.ActiveCfg = Debug|Any CPU
		{4E8DA591-CF20-49BC-BBE0-A47E624D92C8}.Debug|Any CPU.Build.0 = Debug|Any CPU
		{4E8DA591-CF20-49BC-BBE0-A47E624D92C8}.Release|Any CPU.ActiveCfg = Release|Any CPU
		{4E8DA591-CF20-49BC-BBE0-A47E624D92C8}.Release|Any CPU.Build.0 = Release|Any CPU
		{4F78BB87-396B-4E1B-8B59-6FF94722D76E}.Debug|Any CPU.ActiveCfg = Debug|Any CPU
		{4F78BB87-396B-4E1B-8B59-6FF94722D76E}.Debug|Any CPU.Build.0 = Debug|Any CPU
		{4F78BB87-396B-4E1B-8B59-6FF94722D76E}.Release|Any CPU.ActiveCfg = Release|Any CPU
		{4F78BB87-396B-4E1B-8B59-6FF94722D76E}.Release|Any CPU.Build.0 = Release|Any CPU
		{EB55D489-14F9-4A26-BE63-86BDBB1BC3B6}.Debug|Any CPU.ActiveCfg = Debug|Any CPU
		{EB55D489-14F9-4A26-BE63-86BDBB1BC3B6}.Debug|Any CPU.Build.0 = Debug|Any CPU
		{EB55D489-14F9-4A26-BE63-86BDBB1BC3B6}.Release|Any CPU.ActiveCfg = Release|Any CPU
		{EB55D489-14F9-4A26-BE63-86BDBB1BC3B6}.Release|Any CPU.Build.0 = Release|Any CPU
		{6D2107FE-E631-479D-99F1-5F1A49DC69C3}.Debug|Any CPU.ActiveCfg = Debug|Any CPU
		{6D2107FE-E631-479D-99F1-5F1A49DC69C3}.Debug|Any CPU.Build.0 = Debug|Any CPU
		{6D2107FE-E631-479D-99F1-5F1A49DC69C3}.Release|Any CPU.ActiveCfg = Release|Any CPU
		{6D2107FE-E631-479D-99F1-5F1A49DC69C3}.Release|Any CPU.Build.0 = Release|Any CPU
		{7810DA1C-5AD4-4B77-B2A5-D5D62A0D5D14}.Debug|Any CPU.ActiveCfg = Debug|Any CPU
		{7810DA1C-5AD4-4B77-B2A5-D5D62A0D5D14}.Debug|Any CPU.Build.0 = Debug|Any CPU
		{7810DA1C-5AD4-4B77-B2A5-D5D62A0D5D14}.Release|Any CPU.ActiveCfg = Release|Any CPU
		{7810DA1C-5AD4-4B77-B2A5-D5D62A0D5D14}.Release|Any CPU.Build.0 = Release|Any CPU
		{7F9B9F7F-FBCF-4591-8A3B-F738A1258A73}.Debug|Any CPU.ActiveCfg = Debug|Any CPU
		{7F9B9F7F-FBCF-4591-8A3B-F738A1258A73}.Debug|Any CPU.Build.0 = Debug|Any CPU
		{7F9B9F7F-FBCF-4591-8A3B-F738A1258A73}.Release|Any CPU.ActiveCfg = Release|Any CPU
		{7F9B9F7F-FBCF-4591-8A3B-F738A1258A73}.Release|Any CPU.Build.0 = Release|Any CPU
		{60D1BDB1-A362-4AE7-9E42-9E370C0C1240}.Debug|Any CPU.ActiveCfg = Debug|Any CPU
		{60D1BDB1-A362-4AE7-9E42-9E370C0C1240}.Debug|Any CPU.Build.0 = Debug|Any CPU
		{60D1BDB1-A362-4AE7-9E42-9E370C0C1240}.Release|Any CPU.ActiveCfg = Release|Any CPU
		{60D1BDB1-A362-4AE7-9E42-9E370C0C1240}.Release|Any CPU.Build.0 = Release|Any CPU
		{5D5D44F2-3418-4016-8CF5-B1D163E401C4}.Debug|Any CPU.ActiveCfg = Debug|Any CPU
		{5D5D44F2-3418-4016-8CF5-B1D163E401C4}.Debug|Any CPU.Build.0 = Debug|Any CPU
		{5D5D44F2-3418-4016-8CF5-B1D163E401C4}.Release|Any CPU.ActiveCfg = Release|Any CPU
		{5D5D44F2-3418-4016-8CF5-B1D163E401C4}.Release|Any CPU.Build.0 = Release|Any CPU
		{6BA43977-D3A7-40FB-9E66-A46661910B18}.Debug|Any CPU.ActiveCfg = Debug|Any CPU
		{6BA43977-D3A7-40FB-9E66-A46661910B18}.Debug|Any CPU.Build.0 = Debug|Any CPU
		{6BA43977-D3A7-40FB-9E66-A46661910B18}.Release|Any CPU.ActiveCfg = Release|Any CPU
		{6BA43977-D3A7-40FB-9E66-A46661910B18}.Release|Any CPU.Build.0 = Release|Any CPU
		{645B5698-BAAE-41F8-8F2E-78C2EEC918D0}.Debug|Any CPU.ActiveCfg = Debug|Any CPU
		{645B5698-BAAE-41F8-8F2E-78C2EEC918D0}.Debug|Any CPU.Build.0 = Debug|Any CPU
		{645B5698-BAAE-41F8-8F2E-78C2EEC918D0}.Release|Any CPU.ActiveCfg = Release|Any CPU
		{645B5698-BAAE-41F8-8F2E-78C2EEC918D0}.Release|Any CPU.Build.0 = Release|Any CPU
		{DBC027F3-E138-4D63-A9F2-665EE0624B58}.Debug|Any CPU.ActiveCfg = Debug|Any CPU
		{DBC027F3-E138-4D63-A9F2-665EE0624B58}.Debug|Any CPU.Build.0 = Debug|Any CPU
		{DBC027F3-E138-4D63-A9F2-665EE0624B58}.Release|Any CPU.ActiveCfg = Release|Any CPU
		{DBC027F3-E138-4D63-A9F2-665EE0624B58}.Release|Any CPU.Build.0 = Release|Any CPU
		{A2A45777-208B-4AC3-9692-BCF79F784B59}.Debug|Any CPU.ActiveCfg = Debug|Any CPU
		{A2A45777-208B-4AC3-9692-BCF79F784B59}.Debug|Any CPU.Build.0 = Debug|Any CPU
		{A2A45777-208B-4AC3-9692-BCF79F784B59}.Release|Any CPU.ActiveCfg = Release|Any CPU
		{A2A45777-208B-4AC3-9692-BCF79F784B59}.Release|Any CPU.Build.0 = Release|Any CPU
		{59F1CA85-5770-4D1A-945F-EB1D7AAA420C}.Debug|Any CPU.ActiveCfg = Debug|Any CPU
		{59F1CA85-5770-4D1A-945F-EB1D7AAA420C}.Debug|Any CPU.Build.0 = Debug|Any CPU
		{59F1CA85-5770-4D1A-945F-EB1D7AAA420C}.Release|Any CPU.ActiveCfg = Release|Any CPU
		{59F1CA85-5770-4D1A-945F-EB1D7AAA420C}.Release|Any CPU.Build.0 = Release|Any CPU
		{ECE37B5D-3378-4092-A650-C6F942BEB9E1}.Debug|Any CPU.ActiveCfg = Debug|Any CPU
		{ECE37B5D-3378-4092-A650-C6F942BEB9E1}.Debug|Any CPU.Build.0 = Debug|Any CPU
		{ECE37B5D-3378-4092-A650-C6F942BEB9E1}.Release|Any CPU.ActiveCfg = Release|Any CPU
		{ECE37B5D-3378-4092-A650-C6F942BEB9E1}.Release|Any CPU.Build.0 = Release|Any CPU
		{D9B62B05-9BF3-46F2-A780-F65CF06032A3}.Debug|Any CPU.ActiveCfg = Debug|Any CPU
		{D9B62B05-9BF3-46F2-A780-F65CF06032A3}.Debug|Any CPU.Build.0 = Debug|Any CPU
		{D9B62B05-9BF3-46F2-A780-F65CF06032A3}.Release|Any CPU.ActiveCfg = Release|Any CPU
		{D9B62B05-9BF3-46F2-A780-F65CF06032A3}.Release|Any CPU.Build.0 = Release|Any CPU
		{4EBD6810-D713-4EEF-905E-FFFA6E51DD9B}.Debug|Any CPU.ActiveCfg = Debug|Any CPU
		{4EBD6810-D713-4EEF-905E-FFFA6E51DD9B}.Debug|Any CPU.Build.0 = Debug|Any CPU
		{4EBD6810-D713-4EEF-905E-FFFA6E51DD9B}.Release|Any CPU.ActiveCfg = Release|Any CPU
		{4EBD6810-D713-4EEF-905E-FFFA6E51DD9B}.Release|Any CPU.Build.0 = Release|Any CPU
		{3AC8270F-5B3A-47B3-861B-0359EF9B2DF7}.Debug|Any CPU.ActiveCfg = Debug|Any CPU
		{3AC8270F-5B3A-47B3-861B-0359EF9B2DF7}.Debug|Any CPU.Build.0 = Debug|Any CPU
		{3AC8270F-5B3A-47B3-861B-0359EF9B2DF7}.Release|Any CPU.ActiveCfg = Release|Any CPU
		{3AC8270F-5B3A-47B3-861B-0359EF9B2DF7}.Release|Any CPU.Build.0 = Release|Any CPU
		{7030F14B-3764-4B5F-8823-E8D5E6D6DF1B}.Debug|Any CPU.ActiveCfg = Debug|Any CPU
		{7030F14B-3764-4B5F-8823-E8D5E6D6DF1B}.Debug|Any CPU.Build.0 = Debug|Any CPU
		{7030F14B-3764-4B5F-8823-E8D5E6D6DF1B}.Release|Any CPU.ActiveCfg = Release|Any CPU
		{7030F14B-3764-4B5F-8823-E8D5E6D6DF1B}.Release|Any CPU.Build.0 = Release|Any CPU
		{0794171E-0A0D-4276-B299-DC90735F993E}.Debug|Any CPU.ActiveCfg = Debug|Any CPU
		{0794171E-0A0D-4276-B299-DC90735F993E}.Debug|Any CPU.Build.0 = Debug|Any CPU
		{0794171E-0A0D-4276-B299-DC90735F993E}.Release|Any CPU.ActiveCfg = Release|Any CPU
		{0794171E-0A0D-4276-B299-DC90735F993E}.Release|Any CPU.Build.0 = Release|Any CPU
		{352B31B0-C9DC-4A51-B3C2-4432CFB0C946}.Debug|Any CPU.ActiveCfg = Debug|Any CPU
		{352B31B0-C9DC-4A51-B3C2-4432CFB0C946}.Debug|Any CPU.Build.0 = Debug|Any CPU
		{352B31B0-C9DC-4A51-B3C2-4432CFB0C946}.Release|Any CPU.ActiveCfg = Release|Any CPU
		{352B31B0-C9DC-4A51-B3C2-4432CFB0C946}.Release|Any CPU.Build.0 = Release|Any CPU
		{4F60AA71-DC93-438A-9A24-AEFB5EBC3B0B}.Debug|Any CPU.ActiveCfg = Debug|Any CPU
		{4F60AA71-DC93-438A-9A24-AEFB5EBC3B0B}.Debug|Any CPU.Build.0 = Debug|Any CPU
		{4F60AA71-DC93-438A-9A24-AEFB5EBC3B0B}.Release|Any CPU.ActiveCfg = Release|Any CPU
		{4F60AA71-DC93-438A-9A24-AEFB5EBC3B0B}.Release|Any CPU.Build.0 = Release|Any CPU
		{5DF583A3-6495-4DB7-8F19-E043DD40691A}.Debug|Any CPU.ActiveCfg = Debug|Any CPU
		{5DF583A3-6495-4DB7-8F19-E043DD40691A}.Debug|Any CPU.Build.0 = Debug|Any CPU
		{5DF583A3-6495-4DB7-8F19-E043DD40691A}.Release|Any CPU.ActiveCfg = Release|Any CPU
		{5DF583A3-6495-4DB7-8F19-E043DD40691A}.Release|Any CPU.Build.0 = Release|Any CPU
		{5BF68725-F235-494F-84D2-5BE30F9B6882}.Debug|Any CPU.ActiveCfg = Debug|Any CPU
		{5BF68725-F235-494F-84D2-5BE30F9B6882}.Debug|Any CPU.Build.0 = Debug|Any CPU
		{5BF68725-F235-494F-84D2-5BE30F9B6882}.Release|Any CPU.ActiveCfg = Release|Any CPU
		{5BF68725-F235-494F-84D2-5BE30F9B6882}.Release|Any CPU.Build.0 = Release|Any CPU
		{2BD7BB26-5406-4FE5-BAC2-7EB5854F91EA}.Debug|Any CPU.ActiveCfg = Debug|Any CPU
		{2BD7BB26-5406-4FE5-BAC2-7EB5854F91EA}.Debug|Any CPU.Build.0 = Debug|Any CPU
		{2BD7BB26-5406-4FE5-BAC2-7EB5854F91EA}.Release|Any CPU.ActiveCfg = Release|Any CPU
		{2BD7BB26-5406-4FE5-BAC2-7EB5854F91EA}.Release|Any CPU.Build.0 = Release|Any CPU
		{B3FF3BE0-46D4-4A5A-BBEE-7FBBF6FC7385}.Debug|Any CPU.ActiveCfg = Debug|Any CPU
		{B3FF3BE0-46D4-4A5A-BBEE-7FBBF6FC7385}.Debug|Any CPU.Build.0 = Debug|Any CPU
		{B3FF3BE0-46D4-4A5A-BBEE-7FBBF6FC7385}.Release|Any CPU.ActiveCfg = Release|Any CPU
		{B3FF3BE0-46D4-4A5A-BBEE-7FBBF6FC7385}.Release|Any CPU.Build.0 = Release|Any CPU
		{5DF2711D-E50D-4C0A-95DB-2E29EFCC5912}.Debug|Any CPU.ActiveCfg = Debug|Any CPU
		{5DF2711D-E50D-4C0A-95DB-2E29EFCC5912}.Debug|Any CPU.Build.0 = Debug|Any CPU
		{5DF2711D-E50D-4C0A-95DB-2E29EFCC5912}.Release|Any CPU.ActiveCfg = Release|Any CPU
		{5DF2711D-E50D-4C0A-95DB-2E29EFCC5912}.Release|Any CPU.Build.0 = Release|Any CPU
		{5DDE3A35-50B5-41C5-B1B9-F34914647200}.Debug|Any CPU.ActiveCfg = Debug|Any CPU
		{5DDE3A35-50B5-41C5-B1B9-F34914647200}.Debug|Any CPU.Build.0 = Debug|Any CPU
		{5DDE3A35-50B5-41C5-B1B9-F34914647200}.Release|Any CPU.ActiveCfg = Release|Any CPU
		{5DDE3A35-50B5-41C5-B1B9-F34914647200}.Release|Any CPU.Build.0 = Release|Any CPU
		{A9139765-D0F5-4A7D-A60D-B4FEA3D8DA1E}.Debug|Any CPU.ActiveCfg = Debug|Any CPU
		{A9139765-D0F5-4A7D-A60D-B4FEA3D8DA1E}.Debug|Any CPU.Build.0 = Debug|Any CPU
		{A9139765-D0F5-4A7D-A60D-B4FEA3D8DA1E}.Release|Any CPU.ActiveCfg = Release|Any CPU
		{A9139765-D0F5-4A7D-A60D-B4FEA3D8DA1E}.Release|Any CPU.Build.0 = Release|Any CPU
		{76A1117A-9EEF-4FD2-902D-3DD1376E4D81}.Debug|Any CPU.ActiveCfg = Debug|Any CPU
		{76A1117A-9EEF-4FD2-902D-3DD1376E4D81}.Debug|Any CPU.Build.0 = Debug|Any CPU
		{76A1117A-9EEF-4FD2-902D-3DD1376E4D81}.Release|Any CPU.ActiveCfg = Release|Any CPU
		{76A1117A-9EEF-4FD2-902D-3DD1376E4D81}.Release|Any CPU.Build.0 = Release|Any CPU
		{85D3734F-DB0B-4906-94AC-2DF0E3EDA9E5}.Debug|Any CPU.ActiveCfg = Debug|Any CPU
		{85D3734F-DB0B-4906-94AC-2DF0E3EDA9E5}.Debug|Any CPU.Build.0 = Debug|Any CPU
		{85D3734F-DB0B-4906-94AC-2DF0E3EDA9E5}.Release|Any CPU.ActiveCfg = Release|Any CPU
		{85D3734F-DB0B-4906-94AC-2DF0E3EDA9E5}.Release|Any CPU.Build.0 = Release|Any CPU
		{57728D50-624C-44B9-AECC-9B27F860C13E}.Debug|Any CPU.ActiveCfg = Debug|Any CPU
		{57728D50-624C-44B9-AECC-9B27F860C13E}.Debug|Any CPU.Build.0 = Debug|Any CPU
		{57728D50-624C-44B9-AECC-9B27F860C13E}.Release|Any CPU.ActiveCfg = Release|Any CPU
		{57728D50-624C-44B9-AECC-9B27F860C13E}.Release|Any CPU.Build.0 = Release|Any CPU
		{DDA86D2B-EE00-4847-890E-F9A289576C00}.Debug|Any CPU.ActiveCfg = Debug|Any CPU
		{DDA86D2B-EE00-4847-890E-F9A289576C00}.Debug|Any CPU.Build.0 = Debug|Any CPU
		{DDA86D2B-EE00-4847-890E-F9A289576C00}.Release|Any CPU.ActiveCfg = Release|Any CPU
		{DDA86D2B-EE00-4847-890E-F9A289576C00}.Release|Any CPU.Build.0 = Release|Any CPU
		{CC97BBBF-D12E-4254-BDF1-ECB7A3C846B6}.Debug|Any CPU.ActiveCfg = Debug|Any CPU
		{CC97BBBF-D12E-4254-BDF1-ECB7A3C846B6}.Debug|Any CPU.Build.0 = Debug|Any CPU
		{CC97BBBF-D12E-4254-BDF1-ECB7A3C846B6}.Release|Any CPU.ActiveCfg = Release|Any CPU
		{CC97BBBF-D12E-4254-BDF1-ECB7A3C846B6}.Release|Any CPU.Build.0 = Release|Any CPU
		{FA85748A-2787-41D3-A392-E38281FC381D}.Debug|Any CPU.ActiveCfg = Debug|Any CPU
		{FA85748A-2787-41D3-A392-E38281FC381D}.Debug|Any CPU.Build.0 = Debug|Any CPU
		{FA85748A-2787-41D3-A392-E38281FC381D}.Release|Any CPU.ActiveCfg = Release|Any CPU
		{FA85748A-2787-41D3-A392-E38281FC381D}.Release|Any CPU.Build.0 = Release|Any CPU
		{10F901D8-F60C-41B5-BCDD-E5576E0A3A2D}.Debug|Any CPU.ActiveCfg = Debug|Any CPU
		{10F901D8-F60C-41B5-BCDD-E5576E0A3A2D}.Debug|Any CPU.Build.0 = Debug|Any CPU
		{10F901D8-F60C-41B5-BCDD-E5576E0A3A2D}.Release|Any CPU.ActiveCfg = Release|Any CPU
		{10F901D8-F60C-41B5-BCDD-E5576E0A3A2D}.Release|Any CPU.Build.0 = Release|Any CPU
	EndGlobalSection
	GlobalSection(SolutionProperties) = preSolution
		HideSolutionNode = FALSE
	EndGlobalSection
	GlobalSection(NestedProjects) = preSolution
		{F2ACEB1B-6EA7-404C-96A0-18F86FE19A40} = {A9B190A7-9503-4A6D-BE7E-363FD29F2915}
		{D6DB20F9-EBCD-4BF3-A3B1-CA907C51ABED} = {D1EA294E-BB79-4330-A6A8-1545576922FB}
		{5C10590D-6666-41B5-912C-D2FD50FFAD13} = {D1EA294E-BB79-4330-A6A8-1545576922FB}
		{EB354443-B553-489C-9EBB-8E0077FD190A} = {75F35B95-FF72-4D42-93CF-0E9D0D75A512}
		{C3F5F871-D0A0-4165-B57F-06068A9E63EF} = {75F35B95-FF72-4D42-93CF-0E9D0D75A512}
		{DDEEF51E-946C-4BF2-930D-8566F7B9C9CE} = {C3F5F871-D0A0-4165-B57F-06068A9E63EF}
		{F0C90EF2-76FF-4AB5-BF99-F33284F2003B} = {EB354443-B553-489C-9EBB-8E0077FD190A}
		{84FC4B17-25AA-487F-95C6-D82FAEAD6D03} = {CA3E3E9A-751D-4C6C-B969-59B7DF0B87D6}
		{477E7057-784E-4B16-94F8-C2F90A02788C} = {75F35B95-FF72-4D42-93CF-0E9D0D75A512}
		{62274FC5-6C40-4803-BA92-DFD5F261C01F} = {477E7057-784E-4B16-94F8-C2F90A02788C}
		{9B41EDB6-8814-40F9-A0C8-088B43E9D3BC} = {EB354443-B553-489C-9EBB-8E0077FD190A}
		{D11D9354-AFB9-4016-B8BC-D23411741E9E} = {EB354443-B553-489C-9EBB-8E0077FD190A}
		{867685E9-32F4-4D65-8019-C13E89837619} = {75F35B95-FF72-4D42-93CF-0E9D0D75A512}
		{FFFBC57C-0E70-4E01-887E-4AFB5C4CC983} = {A9B190A7-9503-4A6D-BE7E-363FD29F2915}
		{3A429E7D-8966-4D8F-94CA-EEB49D0BB0F2} = {588A1D3F-A19C-4EAB-AA3F-E83EB3A10881}
		{8B22DA28-97A9-4F59-A07C-768813B3A54E} = {D68E7BA5-CC5E-4B09-BFBC-B8CD8CF9A026}
		{D68E7BA5-CC5E-4B09-BFBC-B8CD8CF9A026} = {75F35B95-FF72-4D42-93CF-0E9D0D75A512}
		{B48481DA-26F2-42AB-B392-5D3AE3D5DF7E} = {75F35B95-FF72-4D42-93CF-0E9D0D75A512}
		{C4B983E3-1506-4F1E-9615-8E863E864336} = {B48481DA-26F2-42AB-B392-5D3AE3D5DF7E}
		{5993DB74-6DB1-4A8F-99D2-64CD5AF0C5EC} = {75F35B95-FF72-4D42-93CF-0E9D0D75A512}
		{D965A28E-29D8-415C-A038-5EBDD61F5634} = {EB354443-B553-489C-9EBB-8E0077FD190A}
		{49FC26DC-95FE-404D-90D3-8821DD5B423F} = {5993DB74-6DB1-4A8F-99D2-64CD5AF0C5EC}
		{CF8F0988-30C7-4E1F-83DB-A742ED2DAA71} = {5993DB74-6DB1-4A8F-99D2-64CD5AF0C5EC}
		{F9DC3EA1-4478-44E8-82AD-919A90EF2020} = {FFFBC57C-0E70-4E01-887E-4AFB5C4CC983}
		{C18F092C-F5C8-408F-A1FD-8AB97C3DAD63} = {10682EE3-1B02-479E-8483-BE0A28D4507E}
		{376A5D08-7D0E-47F6-8705-DE41797F82F1} = {EDE41545-7F3E-483C-AA45-37DD75FE6A69}
		{8D445E1C-4960-4E41-AF5F-3661549F9BA9} = {EDE41545-7F3E-483C-AA45-37DD75FE6A69}
		{4E8DA591-CF20-49BC-BBE0-A47E624D92C8} = {EDE41545-7F3E-483C-AA45-37DD75FE6A69}
		{4F78BB87-396B-4E1B-8B59-6FF94722D76E} = {376A5D08-7D0E-47F6-8705-DE41797F82F1}
		{EB55D489-14F9-4A26-BE63-86BDBB1BC3B6} = {376A5D08-7D0E-47F6-8705-DE41797F82F1}
		{6D2107FE-E631-479D-99F1-5F1A49DC69C3} = {376A5D08-7D0E-47F6-8705-DE41797F82F1}
		{7810DA1C-5AD4-4B77-B2A5-D5D62A0D5D14} = {376A5D08-7D0E-47F6-8705-DE41797F82F1}
		{7F9B9F7F-FBCF-4591-8A3B-F738A1258A73} = {376A5D08-7D0E-47F6-8705-DE41797F82F1}
		{60D1BDB1-A362-4AE7-9E42-9E370C0C1240} = {376A5D08-7D0E-47F6-8705-DE41797F82F1}
		{5D5D44F2-3418-4016-8CF5-B1D163E401C4} = {376A5D08-7D0E-47F6-8705-DE41797F82F1}
		{6BA43977-D3A7-40FB-9E66-A46661910B18} = {376A5D08-7D0E-47F6-8705-DE41797F82F1}
		{645B5698-BAAE-41F8-8F2E-78C2EEC918D0} = {376A5D08-7D0E-47F6-8705-DE41797F82F1}
		{DBC027F3-E138-4D63-A9F2-665EE0624B58} = {376A5D08-7D0E-47F6-8705-DE41797F82F1}
		{A2A45777-208B-4AC3-9692-BCF79F784B59} = {376A5D08-7D0E-47F6-8705-DE41797F82F1}
		{59F1CA85-5770-4D1A-945F-EB1D7AAA420C} = {376A5D08-7D0E-47F6-8705-DE41797F82F1}
		{ECE37B5D-3378-4092-A650-C6F942BEB9E1} = {376A5D08-7D0E-47F6-8705-DE41797F82F1}
		{D9B62B05-9BF3-46F2-A780-F65CF06032A3} = {8D445E1C-4960-4E41-AF5F-3661549F9BA9}
		{4EBD6810-D713-4EEF-905E-FFFA6E51DD9B} = {8D445E1C-4960-4E41-AF5F-3661549F9BA9}
		{3AC8270F-5B3A-47B3-861B-0359EF9B2DF7} = {8D445E1C-4960-4E41-AF5F-3661549F9BA9}
		{7030F14B-3764-4B5F-8823-E8D5E6D6DF1B} = {8D445E1C-4960-4E41-AF5F-3661549F9BA9}
		{0794171E-0A0D-4276-B299-DC90735F993E} = {8D445E1C-4960-4E41-AF5F-3661549F9BA9}
		{352B31B0-C9DC-4A51-B3C2-4432CFB0C946} = {8D445E1C-4960-4E41-AF5F-3661549F9BA9}
		{4F60AA71-DC93-438A-9A24-AEFB5EBC3B0B} = {8D445E1C-4960-4E41-AF5F-3661549F9BA9}
		{5DF583A3-6495-4DB7-8F19-E043DD40691A} = {8D445E1C-4960-4E41-AF5F-3661549F9BA9}
		{5BF68725-F235-494F-84D2-5BE30F9B6882} = {8D445E1C-4960-4E41-AF5F-3661549F9BA9}
		{2BD7BB26-5406-4FE5-BAC2-7EB5854F91EA} = {8D445E1C-4960-4E41-AF5F-3661549F9BA9}
		{B3FF3BE0-46D4-4A5A-BBEE-7FBBF6FC7385} = {8D445E1C-4960-4E41-AF5F-3661549F9BA9}
		{5DF2711D-E50D-4C0A-95DB-2E29EFCC5912} = {8D445E1C-4960-4E41-AF5F-3661549F9BA9}
		{5DDE3A35-50B5-41C5-B1B9-F34914647200} = {8D445E1C-4960-4E41-AF5F-3661549F9BA9}
		{A9139765-D0F5-4A7D-A60D-B4FEA3D8DA1E} = {FFFBC57C-0E70-4E01-887E-4AFB5C4CC983}
		{76A1117A-9EEF-4FD2-902D-3DD1376E4D81} = {FFFBC57C-0E70-4E01-887E-4AFB5C4CC983}
		{85D3734F-DB0B-4906-94AC-2DF0E3EDA9E5} = {D68E7BA5-CC5E-4B09-BFBC-B8CD8CF9A026}
		{57728D50-624C-44B9-AECC-9B27F860C13E} = {5993DB74-6DB1-4A8F-99D2-64CD5AF0C5EC}
		{DDA86D2B-EE00-4847-890E-F9A289576C00} = {5C75407A-FD82-4C4D-9220-41451D7BDA91}
		{CC97BBBF-D12E-4254-BDF1-ECB7A3C846B6} = {10682EE3-1B02-479E-8483-BE0A28D4507E}
		{FA85748A-2787-41D3-A392-E38281FC381D} = {10682EE3-1B02-479E-8483-BE0A28D4507E}
		{10F901D8-F60C-41B5-BCDD-E5576E0A3A2D} = {10682EE3-1B02-479E-8483-BE0A28D4507E}
	EndGlobalSection
	GlobalSection(ExtensibilityGlobals) = postSolution
		EnterpriseLibraryConfigurationToolBinariesPathV6 = packages\EnterpriseLibrary.TransientFaultHandling.6.0.1304.0\lib\portable-net45+win+wp8;packages\EnterpriseLibrary.TransientFaultHandling.Data.6.0.1304.1\lib\NET45;packages\EnterpriseLibrary.Common.6.0.1304.0\lib\NET45;packages\EnterpriseLibrary.ExceptionHandling.6.0.1304.0\lib\NET45
	EndGlobalSection
EndGlobal
