
Microsoft Visual Studio Solution File, Format Version 12.00
# Visual Studio 14
VisualStudioVersion = 14.0.22823.1
MinimumVisualStudioVersion = 10.0.40219.1
Project("{2150E333-8FDC-42A3-9474-1A3956D46DE8}") = "8-Labs", "8-Labs", "{A6AC133D-554D-4DE0-A239-981FB9CAAEBA}"
EndProject
Project("{2150E333-8FDC-42A3-9474-1A3956D46DE8}") = "2-Domain", "2-Domain", "{6B30F856-2589-4217-BA6C-92E4B5DA49B6}"
EndProject
Project("{2150E333-8FDC-42A3-9474-1A3956D46DE8}") = "6-Packages", "6-Packages", "{70973739-B9FB-4AD8-B051-A74574D36DC5}"
EndProject
Project("{2150E333-8FDC-42A3-9474-1A3956D46DE8}") = "1-Api", "1-Api", "{E57225A1-3000-4369-8C1E-A1DF4C5120B9}"
EndProject
Project("{FAE04EC0-301F-11D3-BF4B-00C04F79EFBC}") = "ConsoleApplication", "Labs\ConsoleApplication\ConsoleApplication.csproj", "{888D8132-6BB8-4C6A-A35D-795FD7370614}"
EndProject
Project("{2150E333-8FDC-42A3-9474-1A3956D46DE8}") = "5-Services", "5-Services", "{5AB0F043-6026-4273-B365-0B1D9DC036CF}"
EndProject
Project("{FAE04EC0-301F-11D3-BF4B-00C04F79EFBC}") = "Yuyi.Jinyinmao.Services.Misc", "Services\Yuyi.Jinyinmao.Services.Misc\Yuyi.Jinyinmao.Services.Misc.csproj", "{A109D0AD-39B7-49EB-B7AD-A0850782E2BC}"
EndProject
Project("{FAE04EC0-301F-11D3-BF4B-00C04F79EFBC}") = "Yuyi.Jinyinmao.Service.Misc.Interface", "Services\Yuyi.Jinyinmao.Service.Misc.Interface\Yuyi.Jinyinmao.Service.Misc.Interface.csproj", "{0E048DCC-F815-4D24-87B4-4210FD89E500}"
EndProject
Project("{FAE04EC0-301F-11D3-BF4B-00C04F79EFBC}") = "Yuyi.Jinyinmao.Service.User", "Services\Yuyi.Jinyinmao.Service.User\Yuyi.Jinyinmao.Service.User.csproj", "{D0C9996F-A7F6-4F7F-A5B8-8657CF4673C9}"
EndProject
Project("{FAE04EC0-301F-11D3-BF4B-00C04F79EFBC}") = "Yuyi.Jinyinmao.Service.User.Interface", "Services\Yuyi.Jinyinmao.Service.User.Interface\Yuyi.Jinyinmao.Service.User.Interface.csproj", "{C3B74C74-F4C7-485E-9697-B51B754FCCEE}"
EndProject
Project("{2150E333-8FDC-42A3-9474-1A3956D46DE8}") = "7-Publish", "7-Publish", "{D91863F8-FB00-4448-AEAC-E1442C17CF17}"
	ProjectSection(SolutionItems) = preProject
		Publish\CodeMap.dgml = Publish\CodeMap.dgml
	EndProjectSection
EndProject
Project("{2150E333-8FDC-42A3-9474-1A3956D46DE8}") = "0-dev", "0-dev", "{C2CDB48E-6910-42A3-96E5-DE22025E6FAD}"
	ProjectSection(SolutionItems) = preProject
		Publish\dev\ApiKeys.json = Publish\dev\ApiKeys.json
		Publish\dev\业务表初始化脚本.sql = Publish\dev\业务表初始化脚本.sql
		Publish\dev\业务配置.txt = Publish\dev\业务配置.txt
		Publish\dev\内存集群数据持久化数据库建立脚本.sql = Publish\dev\内存集群数据持久化数据库建立脚本.sql
		Publish\dev\内存集群数据持久化数据库表初始化.sql = Publish\dev\内存集群数据持久化数据库表初始化.sql
		Publish\dev\开发环境服务器配置.json = Publish\dev\开发环境服务器配置.json
		Publish\dev\数据库用户初始化脚本.sql = Publish\dev\数据库用户初始化脚本.sql
	EndProjectSection
EndProject
Project("{2150E333-8FDC-42A3-9474-1A3956D46DE8}") = "3-LocalHost", "3-LocalHost", "{A10B2E6B-7856-4EA5-AF60-816879A740BE}"
EndProject
Project("{2150E333-8FDC-42A3-9474-1A3956D46DE8}") = "4-Application", "4-Application", "{06FA11E8-18AC-4882-8EBE-165EE260E5D4}"
EndProject
Project("{FAE04EC0-301F-11D3-BF4B-00C04F79EFBC}") = "APIKeyGenarator", "Application\APIKeyGenarator\APIKeyGenarator.csproj", "{041F1C0A-534D-42AB-B5D7-DC6C38B9CD03}"
EndProject
Project("{FAE04EC0-301F-11D3-BF4B-00C04F79EFBC}") = "SmsClient", "Application\SmsClient\SmsClient.csproj", "{F6633FBB-6227-4D15-838E-C6F8EC4641EC}"
EndProject
Project("{FAE04EC0-301F-11D3-BF4B-00C04F79EFBC}") = "Yuyi.Jinyinmao.Api.Sms", "Api\Yuyi.Jinyinmao.Api.Sms\Yuyi.Jinyinmao.Api.Sms.csproj", "{E3386E63-15E2-49DF-B8B8-290A5CEFFAF9}"
EndProject
Project("{FAE04EC0-301F-11D3-BF4B-00C04F79EFBC}") = "Yuyi.Jinyinmao.Domain.Core", "Domain\Yuyi.Jinyinmao.Domain.Core\Yuyi.Jinyinmao.Domain.Core.csproj", "{5245A89C-FD02-404A-A0A3-C1B5F197E426}"
EndProject
Project("{FAE04EC0-301F-11D3-BF4B-00C04F79EFBC}") = "Yuyi.Jinyinmao.Silos.LocalHost", "LocalHost\Yuyi.Jinyinmao.Silos.LocalHost\Yuyi.Jinyinmao.Silos.LocalHost.csproj", "{9729F6C3-E595-4D10-A23D-719F3F35F91E}"
EndProject
Project("{FAE04EC0-301F-11D3-BF4B-00C04F79EFBC}") = "Yuyi.Jinyinmao.Lib", "Libraries\Yuyi.Jinyinmao.Lib\Yuyi.Jinyinmao.Lib.csproj", "{7B420A40-ACEC-4461-AE6E-CA89E2AD65C9}"
EndProject
Project("{FAE04EC0-301F-11D3-BF4B-00C04F79EFBC}") = "Yuyi.Jinyinmao.Resources", "Libraries\Yuyi.Jinyinmao.Resources\Yuyi.Jinyinmao.Resources.csproj", "{E6B0BDA3-6554-4F1E-AF83-FD22C16B627E}"
EndProject
Project("{FAE04EC0-301F-11D3-BF4B-00C04F79EFBC}") = "Yuyi.Jinyinmao.Service.Yilian", "Services\Yuyi.Jinyinmao.Service.Yilian\Yuyi.Jinyinmao.Service.Yilian.csproj", "{850E78F8-BEEE-4DD2-B4D9-CEEBE0F4DD5D}"
EndProject
Project("{FAE04EC0-301F-11D3-BF4B-00C04F79EFBC}") = "Yuyi.Jinyinmao.Service.Product.Interface", "Services\Yuyi.Jinyinmao.Service.Product.Interface\Yuyi.Jinyinmao.Service.Product.Interface.csproj", "{5AEB9CC5-4D0B-456C-9233-2D7517781BC9}"
EndProject
Project("{FAE04EC0-301F-11D3-BF4B-00C04F79EFBC}") = "Yuyi.Jinyinmao.Service.Product", "Services\Yuyi.Jinyinmao.Service.Product\Yuyi.Jinyinmao.Service.Product.csproj", "{A2075913-20FC-496C-9F53-BCA0762ECEF1}"
EndProject
Project("{FAE04EC0-301F-11D3-BF4B-00C04F79EFBC}") = "Yuyi.Jinyinmao.Domain.Interface", "Domain\Yuyi.Jinyinmao.Domain.Interface\Yuyi.Jinyinmao.Domain.Interface.csproj", "{596F9CB8-45FF-4D76-ACD6-037938ED5EEE}"
EndProject
Project("{FAE04EC0-301F-11D3-BF4B-00C04F79EFBC}") = "Yuyi.Jinyinmao.Domain", "Domain\Yuyi.Jinyinmao.Domain\Yuyi.Jinyinmao.Domain.csproj", "{BD85B692-CB20-481B-9628-452D41971A92}"
EndProject
Project("{FAE04EC0-301F-11D3-BF4B-00C04F79EFBC}") = "AzureInit", "Application\AzureInit\AzureInit.csproj", "{3366FAC6-A60E-4575-84DF-10B5FA8B1F8D}"
EndProject
Project("{CC5FD16D-436D-48AD-A40C-5A424C6E3E79}") = "Yuyi.Jinyinmao", "Yuyi.Jinyinmao\Yuyi.Jinyinmao.ccproj", "{B9954535-D962-4ED3-BF4E-D8517D3BF2D1}"
EndProject
Project("{FAE04EC0-301F-11D3-BF4B-00C04F79EFBC}") = "Yuyi.Jinyinmao.Api", "Yuyi.Jinyinmao.Api\Yuyi.Jinyinmao.Api.csproj", "{456102AC-0C43-4F46-8EF1-AADFC0651B57}"
EndProject
Project("{FAE04EC0-301F-11D3-BF4B-00C04F79EFBC}") = "Yuyi.Jinyinmao.Silo", "Yuyi.Jinyinmao.Silo\Yuyi.Jinyinmao.Silo.csproj", "{079FA826-9BC2-454A-AE3D-050A4909CF6B}"
EndProject
Project("{2150E333-8FDC-42A3-9474-1A3956D46DE8}") = ".nuget", ".nuget", "{3EB50860-2473-45A8-930B-1EED3E8CAE9B}"
	ProjectSection(SolutionItems) = preProject
		.nuget\NuGet.Config = .nuget\NuGet.Config
		.nuget\NuGet.exe = .nuget\NuGet.exe
		.nuget\NuGet.targets = .nuget\NuGet.targets
	EndProjectSection
EndProject
Global
	GlobalSection(SolutionConfigurationPlatforms) = preSolution
		Cloud|Any CPU = Cloud|Any CPU
		Cloud|x86 = Cloud|x86
		Debug|Any CPU = Debug|Any CPU
		Debug|x86 = Debug|x86
		Release|Any CPU = Release|Any CPU
		Release|x86 = Release|x86
	EndGlobalSection
	GlobalSection(ProjectConfigurationPlatforms) = postSolution
		{888D8132-6BB8-4C6A-A35D-795FD7370614}.Cloud|Any CPU.ActiveCfg = Cloud|Any CPU
		{888D8132-6BB8-4C6A-A35D-795FD7370614}.Cloud|Any CPU.Build.0 = Cloud|Any CPU
		{888D8132-6BB8-4C6A-A35D-795FD7370614}.Cloud|x86.ActiveCfg = Cloud|Any CPU
		{888D8132-6BB8-4C6A-A35D-795FD7370614}.Cloud|x86.Build.0 = Cloud|Any CPU
		{888D8132-6BB8-4C6A-A35D-795FD7370614}.Debug|Any CPU.ActiveCfg = Debug|Any CPU
		{888D8132-6BB8-4C6A-A35D-795FD7370614}.Debug|Any CPU.Build.0 = Debug|Any CPU
		{888D8132-6BB8-4C6A-A35D-795FD7370614}.Debug|Any CPU.Deploy.0 = Debug|Any CPU
		{888D8132-6BB8-4C6A-A35D-795FD7370614}.Debug|x86.ActiveCfg = Debug|Any CPU
		{888D8132-6BB8-4C6A-A35D-795FD7370614}.Debug|x86.Build.0 = Debug|Any CPU
		{888D8132-6BB8-4C6A-A35D-795FD7370614}.Release|Any CPU.ActiveCfg = Release|Any CPU
		{888D8132-6BB8-4C6A-A35D-795FD7370614}.Release|Any CPU.Build.0 = Release|Any CPU
		{888D8132-6BB8-4C6A-A35D-795FD7370614}.Release|x86.ActiveCfg = Release|Any CPU
		{888D8132-6BB8-4C6A-A35D-795FD7370614}.Release|x86.Build.0 = Release|Any CPU
		{A109D0AD-39B7-49EB-B7AD-A0850782E2BC}.Cloud|Any CPU.ActiveCfg = Cloud|Any CPU
		{A109D0AD-39B7-49EB-B7AD-A0850782E2BC}.Cloud|Any CPU.Build.0 = Cloud|Any CPU
		{A109D0AD-39B7-49EB-B7AD-A0850782E2BC}.Cloud|x86.ActiveCfg = Cloud|Any CPU
		{A109D0AD-39B7-49EB-B7AD-A0850782E2BC}.Cloud|x86.Build.0 = Cloud|Any CPU
		{A109D0AD-39B7-49EB-B7AD-A0850782E2BC}.Debug|Any CPU.ActiveCfg = Debug|Any CPU
		{A109D0AD-39B7-49EB-B7AD-A0850782E2BC}.Debug|Any CPU.Build.0 = Debug|Any CPU
		{A109D0AD-39B7-49EB-B7AD-A0850782E2BC}.Debug|x86.ActiveCfg = Debug|Any CPU
		{A109D0AD-39B7-49EB-B7AD-A0850782E2BC}.Debug|x86.Build.0 = Debug|Any CPU
		{A109D0AD-39B7-49EB-B7AD-A0850782E2BC}.Release|Any CPU.ActiveCfg = Release|Any CPU
		{A109D0AD-39B7-49EB-B7AD-A0850782E2BC}.Release|Any CPU.Build.0 = Release|Any CPU
		{A109D0AD-39B7-49EB-B7AD-A0850782E2BC}.Release|x86.ActiveCfg = Release|Any CPU
		{A109D0AD-39B7-49EB-B7AD-A0850782E2BC}.Release|x86.Build.0 = Release|Any CPU
		{0E048DCC-F815-4D24-87B4-4210FD89E500}.Cloud|Any CPU.ActiveCfg = Cloud|Any CPU
		{0E048DCC-F815-4D24-87B4-4210FD89E500}.Cloud|Any CPU.Build.0 = Cloud|Any CPU
		{0E048DCC-F815-4D24-87B4-4210FD89E500}.Cloud|x86.ActiveCfg = Cloud|Any CPU
		{0E048DCC-F815-4D24-87B4-4210FD89E500}.Cloud|x86.Build.0 = Cloud|Any CPU
		{0E048DCC-F815-4D24-87B4-4210FD89E500}.Debug|Any CPU.ActiveCfg = Debug|Any CPU
		{0E048DCC-F815-4D24-87B4-4210FD89E500}.Debug|Any CPU.Build.0 = Debug|Any CPU
		{0E048DCC-F815-4D24-87B4-4210FD89E500}.Debug|x86.ActiveCfg = Debug|Any CPU
		{0E048DCC-F815-4D24-87B4-4210FD89E500}.Debug|x86.Build.0 = Debug|Any CPU
		{0E048DCC-F815-4D24-87B4-4210FD89E500}.Release|Any CPU.ActiveCfg = Release|Any CPU
		{0E048DCC-F815-4D24-87B4-4210FD89E500}.Release|Any CPU.Build.0 = Release|Any CPU
		{0E048DCC-F815-4D24-87B4-4210FD89E500}.Release|x86.ActiveCfg = Release|Any CPU
		{0E048DCC-F815-4D24-87B4-4210FD89E500}.Release|x86.Build.0 = Release|Any CPU
		{D0C9996F-A7F6-4F7F-A5B8-8657CF4673C9}.Cloud|Any CPU.ActiveCfg = Cloud|Any CPU
		{D0C9996F-A7F6-4F7F-A5B8-8657CF4673C9}.Cloud|Any CPU.Build.0 = Cloud|Any CPU
		{D0C9996F-A7F6-4F7F-A5B8-8657CF4673C9}.Cloud|x86.ActiveCfg = Cloud|Any CPU
		{D0C9996F-A7F6-4F7F-A5B8-8657CF4673C9}.Cloud|x86.Build.0 = Cloud|Any CPU
		{D0C9996F-A7F6-4F7F-A5B8-8657CF4673C9}.Debug|Any CPU.ActiveCfg = Debug|Any CPU
		{D0C9996F-A7F6-4F7F-A5B8-8657CF4673C9}.Debug|Any CPU.Build.0 = Debug|Any CPU
		{D0C9996F-A7F6-4F7F-A5B8-8657CF4673C9}.Debug|x86.ActiveCfg = Debug|Any CPU
		{D0C9996F-A7F6-4F7F-A5B8-8657CF4673C9}.Debug|x86.Build.0 = Debug|Any CPU
		{D0C9996F-A7F6-4F7F-A5B8-8657CF4673C9}.Release|Any CPU.ActiveCfg = Release|Any CPU
		{D0C9996F-A7F6-4F7F-A5B8-8657CF4673C9}.Release|Any CPU.Build.0 = Release|Any CPU
		{D0C9996F-A7F6-4F7F-A5B8-8657CF4673C9}.Release|x86.ActiveCfg = Release|Any CPU
		{D0C9996F-A7F6-4F7F-A5B8-8657CF4673C9}.Release|x86.Build.0 = Release|Any CPU
		{C3B74C74-F4C7-485E-9697-B51B754FCCEE}.Cloud|Any CPU.ActiveCfg = Cloud|Any CPU
		{C3B74C74-F4C7-485E-9697-B51B754FCCEE}.Cloud|Any CPU.Build.0 = Cloud|Any CPU
		{C3B74C74-F4C7-485E-9697-B51B754FCCEE}.Cloud|x86.ActiveCfg = Cloud|Any CPU
		{C3B74C74-F4C7-485E-9697-B51B754FCCEE}.Cloud|x86.Build.0 = Cloud|Any CPU
		{C3B74C74-F4C7-485E-9697-B51B754FCCEE}.Debug|Any CPU.ActiveCfg = Debug|Any CPU
		{C3B74C74-F4C7-485E-9697-B51B754FCCEE}.Debug|Any CPU.Build.0 = Debug|Any CPU
		{C3B74C74-F4C7-485E-9697-B51B754FCCEE}.Debug|x86.ActiveCfg = Debug|Any CPU
		{C3B74C74-F4C7-485E-9697-B51B754FCCEE}.Debug|x86.Build.0 = Debug|Any CPU
		{C3B74C74-F4C7-485E-9697-B51B754FCCEE}.Release|Any CPU.ActiveCfg = Release|Any CPU
		{C3B74C74-F4C7-485E-9697-B51B754FCCEE}.Release|Any CPU.Build.0 = Release|Any CPU
		{C3B74C74-F4C7-485E-9697-B51B754FCCEE}.Release|x86.ActiveCfg = Release|Any CPU
		{C3B74C74-F4C7-485E-9697-B51B754FCCEE}.Release|x86.Build.0 = Release|Any CPU
		{041F1C0A-534D-42AB-B5D7-DC6C38B9CD03}.Cloud|Any CPU.ActiveCfg = Cloud|Any CPU
		{041F1C0A-534D-42AB-B5D7-DC6C38B9CD03}.Cloud|Any CPU.Build.0 = Cloud|Any CPU
		{041F1C0A-534D-42AB-B5D7-DC6C38B9CD03}.Cloud|x86.ActiveCfg = Cloud|Any CPU
		{041F1C0A-534D-42AB-B5D7-DC6C38B9CD03}.Cloud|x86.Build.0 = Cloud|Any CPU
		{041F1C0A-534D-42AB-B5D7-DC6C38B9CD03}.Debug|Any CPU.ActiveCfg = Debug|Any CPU
		{041F1C0A-534D-42AB-B5D7-DC6C38B9CD03}.Debug|Any CPU.Build.0 = Debug|Any CPU
		{041F1C0A-534D-42AB-B5D7-DC6C38B9CD03}.Debug|x86.ActiveCfg = Debug|Any CPU
		{041F1C0A-534D-42AB-B5D7-DC6C38B9CD03}.Debug|x86.Build.0 = Debug|Any CPU
		{041F1C0A-534D-42AB-B5D7-DC6C38B9CD03}.Release|Any CPU.ActiveCfg = Release|Any CPU
		{041F1C0A-534D-42AB-B5D7-DC6C38B9CD03}.Release|Any CPU.Build.0 = Release|Any CPU
		{041F1C0A-534D-42AB-B5D7-DC6C38B9CD03}.Release|x86.ActiveCfg = Release|Any CPU
		{041F1C0A-534D-42AB-B5D7-DC6C38B9CD03}.Release|x86.Build.0 = Release|Any CPU
		{F6633FBB-6227-4D15-838E-C6F8EC4641EC}.Cloud|Any CPU.ActiveCfg = Cloud|Any CPU
		{F6633FBB-6227-4D15-838E-C6F8EC4641EC}.Cloud|Any CPU.Build.0 = Cloud|Any CPU
		{F6633FBB-6227-4D15-838E-C6F8EC4641EC}.Cloud|x86.ActiveCfg = Cloud|Any CPU
		{F6633FBB-6227-4D15-838E-C6F8EC4641EC}.Cloud|x86.Build.0 = Cloud|Any CPU
		{F6633FBB-6227-4D15-838E-C6F8EC4641EC}.Debug|Any CPU.ActiveCfg = Debug|Any CPU
		{F6633FBB-6227-4D15-838E-C6F8EC4641EC}.Debug|Any CPU.Build.0 = Debug|Any CPU
		{F6633FBB-6227-4D15-838E-C6F8EC4641EC}.Debug|x86.ActiveCfg = Debug|Any CPU
		{F6633FBB-6227-4D15-838E-C6F8EC4641EC}.Debug|x86.Build.0 = Debug|Any CPU
		{F6633FBB-6227-4D15-838E-C6F8EC4641EC}.Release|Any CPU.ActiveCfg = Release|Any CPU
		{F6633FBB-6227-4D15-838E-C6F8EC4641EC}.Release|Any CPU.Build.0 = Release|Any CPU
		{F6633FBB-6227-4D15-838E-C6F8EC4641EC}.Release|x86.ActiveCfg = Release|Any CPU
		{F6633FBB-6227-4D15-838E-C6F8EC4641EC}.Release|x86.Build.0 = Release|Any CPU
		{E3386E63-15E2-49DF-B8B8-290A5CEFFAF9}.Cloud|Any CPU.ActiveCfg = Cloud|Any CPU
		{E3386E63-15E2-49DF-B8B8-290A5CEFFAF9}.Cloud|Any CPU.Build.0 = Cloud|Any CPU
		{E3386E63-15E2-49DF-B8B8-290A5CEFFAF9}.Cloud|x86.ActiveCfg = Cloud|Any CPU
		{E3386E63-15E2-49DF-B8B8-290A5CEFFAF9}.Cloud|x86.Build.0 = Cloud|Any CPU
		{E3386E63-15E2-49DF-B8B8-290A5CEFFAF9}.Debug|Any CPU.ActiveCfg = Debug|Any CPU
		{E3386E63-15E2-49DF-B8B8-290A5CEFFAF9}.Debug|Any CPU.Build.0 = Debug|Any CPU
		{E3386E63-15E2-49DF-B8B8-290A5CEFFAF9}.Debug|x86.ActiveCfg = Debug|Any CPU
		{E3386E63-15E2-49DF-B8B8-290A5CEFFAF9}.Debug|x86.Build.0 = Debug|Any CPU
		{E3386E63-15E2-49DF-B8B8-290A5CEFFAF9}.Release|Any CPU.ActiveCfg = Release|Any CPU
		{E3386E63-15E2-49DF-B8B8-290A5CEFFAF9}.Release|Any CPU.Build.0 = Release|Any CPU
		{E3386E63-15E2-49DF-B8B8-290A5CEFFAF9}.Release|x86.ActiveCfg = Release|Any CPU
		{E3386E63-15E2-49DF-B8B8-290A5CEFFAF9}.Release|x86.Build.0 = Release|Any CPU
		{5245A89C-FD02-404A-A0A3-C1B5F197E426}.Cloud|Any CPU.ActiveCfg = Cloud|Any CPU
		{5245A89C-FD02-404A-A0A3-C1B5F197E426}.Cloud|Any CPU.Build.0 = Cloud|Any CPU
		{5245A89C-FD02-404A-A0A3-C1B5F197E426}.Cloud|x86.ActiveCfg = Cloud|Any CPU
		{5245A89C-FD02-404A-A0A3-C1B5F197E426}.Cloud|x86.Build.0 = Cloud|Any CPU
		{5245A89C-FD02-404A-A0A3-C1B5F197E426}.Debug|Any CPU.ActiveCfg = Debug|Any CPU
		{5245A89C-FD02-404A-A0A3-C1B5F197E426}.Debug|Any CPU.Build.0 = Debug|Any CPU
		{5245A89C-FD02-404A-A0A3-C1B5F197E426}.Debug|x86.ActiveCfg = Debug|Any CPU
		{5245A89C-FD02-404A-A0A3-C1B5F197E426}.Debug|x86.Build.0 = Debug|Any CPU
		{5245A89C-FD02-404A-A0A3-C1B5F197E426}.Release|Any CPU.ActiveCfg = Release|Any CPU
		{5245A89C-FD02-404A-A0A3-C1B5F197E426}.Release|Any CPU.Build.0 = Release|Any CPU
		{5245A89C-FD02-404A-A0A3-C1B5F197E426}.Release|x86.ActiveCfg = Release|Any CPU
		{5245A89C-FD02-404A-A0A3-C1B5F197E426}.Release|x86.Build.0 = Release|Any CPU
		{9729F6C3-E595-4D10-A23D-719F3F35F91E}.Cloud|Any CPU.ActiveCfg = Cloud|Any CPU
		{9729F6C3-E595-4D10-A23D-719F3F35F91E}.Cloud|Any CPU.Build.0 = Cloud|Any CPU
		{9729F6C3-E595-4D10-A23D-719F3F35F91E}.Cloud|x86.ActiveCfg = Cloud|Any CPU
		{9729F6C3-E595-4D10-A23D-719F3F35F91E}.Cloud|x86.Build.0 = Cloud|Any CPU
		{9729F6C3-E595-4D10-A23D-719F3F35F91E}.Debug|Any CPU.ActiveCfg = Debug|Any CPU
		{9729F6C3-E595-4D10-A23D-719F3F35F91E}.Debug|Any CPU.Build.0 = Debug|Any CPU
		{9729F6C3-E595-4D10-A23D-719F3F35F91E}.Debug|x86.ActiveCfg = Debug|Any CPU
		{9729F6C3-E595-4D10-A23D-719F3F35F91E}.Debug|x86.Build.0 = Debug|Any CPU
		{9729F6C3-E595-4D10-A23D-719F3F35F91E}.Release|Any CPU.ActiveCfg = Release|Any CPU
		{9729F6C3-E595-4D10-A23D-719F3F35F91E}.Release|Any CPU.Build.0 = Release|Any CPU
		{9729F6C3-E595-4D10-A23D-719F3F35F91E}.Release|x86.ActiveCfg = Release|Any CPU
		{9729F6C3-E595-4D10-A23D-719F3F35F91E}.Release|x86.Build.0 = Release|Any CPU
		{7B420A40-ACEC-4461-AE6E-CA89E2AD65C9}.Cloud|Any CPU.ActiveCfg = Cloud|Any CPU
		{7B420A40-ACEC-4461-AE6E-CA89E2AD65C9}.Cloud|Any CPU.Build.0 = Cloud|Any CPU
		{7B420A40-ACEC-4461-AE6E-CA89E2AD65C9}.Cloud|x86.ActiveCfg = Cloud|Any CPU
		{7B420A40-ACEC-4461-AE6E-CA89E2AD65C9}.Cloud|x86.Build.0 = Cloud|Any CPU
		{7B420A40-ACEC-4461-AE6E-CA89E2AD65C9}.Debug|Any CPU.ActiveCfg = Debug|Any CPU
		{7B420A40-ACEC-4461-AE6E-CA89E2AD65C9}.Debug|Any CPU.Build.0 = Debug|Any CPU
		{7B420A40-ACEC-4461-AE6E-CA89E2AD65C9}.Debug|x86.ActiveCfg = Debug|Any CPU
		{7B420A40-ACEC-4461-AE6E-CA89E2AD65C9}.Debug|x86.Build.0 = Debug|Any CPU
		{7B420A40-ACEC-4461-AE6E-CA89E2AD65C9}.Release|Any CPU.ActiveCfg = Release|Any CPU
		{7B420A40-ACEC-4461-AE6E-CA89E2AD65C9}.Release|Any CPU.Build.0 = Release|Any CPU
		{7B420A40-ACEC-4461-AE6E-CA89E2AD65C9}.Release|x86.ActiveCfg = Release|Any CPU
		{7B420A40-ACEC-4461-AE6E-CA89E2AD65C9}.Release|x86.Build.0 = Release|Any CPU
		{E6B0BDA3-6554-4F1E-AF83-FD22C16B627E}.Cloud|Any CPU.ActiveCfg = Cloud|Any CPU
		{E6B0BDA3-6554-4F1E-AF83-FD22C16B627E}.Cloud|Any CPU.Build.0 = Cloud|Any CPU
		{E6B0BDA3-6554-4F1E-AF83-FD22C16B627E}.Cloud|x86.ActiveCfg = Cloud|Any CPU
		{E6B0BDA3-6554-4F1E-AF83-FD22C16B627E}.Cloud|x86.Build.0 = Cloud|Any CPU
		{E6B0BDA3-6554-4F1E-AF83-FD22C16B627E}.Debug|Any CPU.ActiveCfg = Debug|Any CPU
		{E6B0BDA3-6554-4F1E-AF83-FD22C16B627E}.Debug|Any CPU.Build.0 = Debug|Any CPU
		{E6B0BDA3-6554-4F1E-AF83-FD22C16B627E}.Debug|x86.ActiveCfg = Debug|Any CPU
		{E6B0BDA3-6554-4F1E-AF83-FD22C16B627E}.Debug|x86.Build.0 = Debug|Any CPU
		{E6B0BDA3-6554-4F1E-AF83-FD22C16B627E}.Release|Any CPU.ActiveCfg = Release|Any CPU
		{E6B0BDA3-6554-4F1E-AF83-FD22C16B627E}.Release|Any CPU.Build.0 = Release|Any CPU
		{E6B0BDA3-6554-4F1E-AF83-FD22C16B627E}.Release|x86.ActiveCfg = Release|Any CPU
		{E6B0BDA3-6554-4F1E-AF83-FD22C16B627E}.Release|x86.Build.0 = Release|Any CPU
		{850E78F8-BEEE-4DD2-B4D9-CEEBE0F4DD5D}.Cloud|Any CPU.ActiveCfg = Cloud|Any CPU
		{850E78F8-BEEE-4DD2-B4D9-CEEBE0F4DD5D}.Cloud|Any CPU.Build.0 = Cloud|Any CPU
		{850E78F8-BEEE-4DD2-B4D9-CEEBE0F4DD5D}.Cloud|x86.ActiveCfg = Cloud|Any CPU
		{850E78F8-BEEE-4DD2-B4D9-CEEBE0F4DD5D}.Cloud|x86.Build.0 = Cloud|Any CPU
		{850E78F8-BEEE-4DD2-B4D9-CEEBE0F4DD5D}.Debug|Any CPU.ActiveCfg = Debug|Any CPU
		{850E78F8-BEEE-4DD2-B4D9-CEEBE0F4DD5D}.Debug|Any CPU.Build.0 = Debug|Any CPU
		{850E78F8-BEEE-4DD2-B4D9-CEEBE0F4DD5D}.Debug|x86.ActiveCfg = Debug|Any CPU
		{850E78F8-BEEE-4DD2-B4D9-CEEBE0F4DD5D}.Debug|x86.Build.0 = Debug|Any CPU
		{850E78F8-BEEE-4DD2-B4D9-CEEBE0F4DD5D}.Release|Any CPU.ActiveCfg = Release|Any CPU
		{850E78F8-BEEE-4DD2-B4D9-CEEBE0F4DD5D}.Release|Any CPU.Build.0 = Release|Any CPU
		{850E78F8-BEEE-4DD2-B4D9-CEEBE0F4DD5D}.Release|x86.ActiveCfg = Release|Any CPU
		{850E78F8-BEEE-4DD2-B4D9-CEEBE0F4DD5D}.Release|x86.Build.0 = Release|Any CPU
		{5AEB9CC5-4D0B-456C-9233-2D7517781BC9}.Cloud|Any CPU.ActiveCfg = Cloud|Any CPU
		{5AEB9CC5-4D0B-456C-9233-2D7517781BC9}.Cloud|Any CPU.Build.0 = Cloud|Any CPU
		{5AEB9CC5-4D0B-456C-9233-2D7517781BC9}.Cloud|x86.ActiveCfg = Cloud|Any CPU
		{5AEB9CC5-4D0B-456C-9233-2D7517781BC9}.Cloud|x86.Build.0 = Cloud|Any CPU
		{5AEB9CC5-4D0B-456C-9233-2D7517781BC9}.Debug|Any CPU.ActiveCfg = Debug|Any CPU
		{5AEB9CC5-4D0B-456C-9233-2D7517781BC9}.Debug|Any CPU.Build.0 = Debug|Any CPU
		{5AEB9CC5-4D0B-456C-9233-2D7517781BC9}.Debug|x86.ActiveCfg = Debug|Any CPU
		{5AEB9CC5-4D0B-456C-9233-2D7517781BC9}.Debug|x86.Build.0 = Debug|Any CPU
		{5AEB9CC5-4D0B-456C-9233-2D7517781BC9}.Release|Any CPU.ActiveCfg = Release|Any CPU
		{5AEB9CC5-4D0B-456C-9233-2D7517781BC9}.Release|Any CPU.Build.0 = Release|Any CPU
		{5AEB9CC5-4D0B-456C-9233-2D7517781BC9}.Release|x86.ActiveCfg = Release|Any CPU
		{5AEB9CC5-4D0B-456C-9233-2D7517781BC9}.Release|x86.Build.0 = Release|Any CPU
		{A2075913-20FC-496C-9F53-BCA0762ECEF1}.Cloud|Any CPU.ActiveCfg = Cloud|Any CPU
		{A2075913-20FC-496C-9F53-BCA0762ECEF1}.Cloud|Any CPU.Build.0 = Cloud|Any CPU
		{A2075913-20FC-496C-9F53-BCA0762ECEF1}.Cloud|x86.ActiveCfg = Cloud|Any CPU
		{A2075913-20FC-496C-9F53-BCA0762ECEF1}.Cloud|x86.Build.0 = Cloud|Any CPU
		{A2075913-20FC-496C-9F53-BCA0762ECEF1}.Debug|Any CPU.ActiveCfg = Debug|Any CPU
		{A2075913-20FC-496C-9F53-BCA0762ECEF1}.Debug|Any CPU.Build.0 = Debug|Any CPU
		{A2075913-20FC-496C-9F53-BCA0762ECEF1}.Debug|x86.ActiveCfg = Debug|Any CPU
		{A2075913-20FC-496C-9F53-BCA0762ECEF1}.Debug|x86.Build.0 = Debug|Any CPU
		{A2075913-20FC-496C-9F53-BCA0762ECEF1}.Release|Any CPU.ActiveCfg = Release|Any CPU
		{A2075913-20FC-496C-9F53-BCA0762ECEF1}.Release|Any CPU.Build.0 = Release|Any CPU
		{A2075913-20FC-496C-9F53-BCA0762ECEF1}.Release|x86.ActiveCfg = Release|Any CPU
		{A2075913-20FC-496C-9F53-BCA0762ECEF1}.Release|x86.Build.0 = Release|Any CPU
		{596F9CB8-45FF-4D76-ACD6-037938ED5EEE}.Cloud|Any CPU.ActiveCfg = Cloud|Any CPU
		{596F9CB8-45FF-4D76-ACD6-037938ED5EEE}.Cloud|Any CPU.Build.0 = Cloud|Any CPU
		{596F9CB8-45FF-4D76-ACD6-037938ED5EEE}.Cloud|x86.ActiveCfg = Cloud|Any CPU
		{596F9CB8-45FF-4D76-ACD6-037938ED5EEE}.Cloud|x86.Build.0 = Cloud|Any CPU
		{596F9CB8-45FF-4D76-ACD6-037938ED5EEE}.Debug|Any CPU.ActiveCfg = Debug|Any CPU
		{596F9CB8-45FF-4D76-ACD6-037938ED5EEE}.Debug|Any CPU.Build.0 = Debug|Any CPU
		{596F9CB8-45FF-4D76-ACD6-037938ED5EEE}.Debug|x86.ActiveCfg = Debug|Any CPU
		{596F9CB8-45FF-4D76-ACD6-037938ED5EEE}.Debug|x86.Build.0 = Debug|Any CPU
		{596F9CB8-45FF-4D76-ACD6-037938ED5EEE}.Release|Any CPU.ActiveCfg = Release|Any CPU
		{596F9CB8-45FF-4D76-ACD6-037938ED5EEE}.Release|Any CPU.Build.0 = Release|Any CPU
		{596F9CB8-45FF-4D76-ACD6-037938ED5EEE}.Release|x86.ActiveCfg = Release|Any CPU
		{596F9CB8-45FF-4D76-ACD6-037938ED5EEE}.Release|x86.Build.0 = Release|Any CPU
		{BD85B692-CB20-481B-9628-452D41971A92}.Cloud|Any CPU.ActiveCfg = Cloud|Any CPU
		{BD85B692-CB20-481B-9628-452D41971A92}.Cloud|Any CPU.Build.0 = Cloud|Any CPU
		{BD85B692-CB20-481B-9628-452D41971A92}.Cloud|x86.ActiveCfg = Cloud|Any CPU
		{BD85B692-CB20-481B-9628-452D41971A92}.Cloud|x86.Build.0 = Cloud|Any CPU
		{BD85B692-CB20-481B-9628-452D41971A92}.Debug|Any CPU.ActiveCfg = Debug|Any CPU
		{BD85B692-CB20-481B-9628-452D41971A92}.Debug|Any CPU.Build.0 = Debug|Any CPU
		{BD85B692-CB20-481B-9628-452D41971A92}.Debug|x86.ActiveCfg = Debug|Any CPU
		{BD85B692-CB20-481B-9628-452D41971A92}.Debug|x86.Build.0 = Debug|Any CPU
		{BD85B692-CB20-481B-9628-452D41971A92}.Release|Any CPU.ActiveCfg = Release|Any CPU
		{BD85B692-CB20-481B-9628-452D41971A92}.Release|Any CPU.Build.0 = Release|Any CPU
		{BD85B692-CB20-481B-9628-452D41971A92}.Release|x86.ActiveCfg = Release|Any CPU
		{BD85B692-CB20-481B-9628-452D41971A92}.Release|x86.Build.0 = Release|Any CPU
		{3366FAC6-A60E-4575-84DF-10B5FA8B1F8D}.Cloud|Any CPU.ActiveCfg = Cloud|Any CPU
		{3366FAC6-A60E-4575-84DF-10B5FA8B1F8D}.Cloud|Any CPU.Build.0 = Cloud|Any CPU
		{3366FAC6-A60E-4575-84DF-10B5FA8B1F8D}.Cloud|x86.ActiveCfg = Cloud|Any CPU
		{3366FAC6-A60E-4575-84DF-10B5FA8B1F8D}.Cloud|x86.Build.0 = Cloud|Any CPU
		{3366FAC6-A60E-4575-84DF-10B5FA8B1F8D}.Debug|Any CPU.ActiveCfg = Debug|Any CPU
		{3366FAC6-A60E-4575-84DF-10B5FA8B1F8D}.Debug|Any CPU.Build.0 = Debug|Any CPU
		{3366FAC6-A60E-4575-84DF-10B5FA8B1F8D}.Debug|x86.ActiveCfg = Debug|Any CPU
		{3366FAC6-A60E-4575-84DF-10B5FA8B1F8D}.Debug|x86.Build.0 = Debug|Any CPU
		{3366FAC6-A60E-4575-84DF-10B5FA8B1F8D}.Release|Any CPU.ActiveCfg = Release|Any CPU
		{3366FAC6-A60E-4575-84DF-10B5FA8B1F8D}.Release|Any CPU.Build.0 = Release|Any CPU
		{3366FAC6-A60E-4575-84DF-10B5FA8B1F8D}.Release|x86.ActiveCfg = Release|Any CPU
		{3366FAC6-A60E-4575-84DF-10B5FA8B1F8D}.Release|x86.Build.0 = Release|Any CPU
		{B9954535-D962-4ED3-BF4E-D8517D3BF2D1}.Cloud|Any CPU.ActiveCfg = Cloud|Any CPU
		{B9954535-D962-4ED3-BF4E-D8517D3BF2D1}.Cloud|Any CPU.Build.0 = Cloud|Any CPU
		{B9954535-D962-4ED3-BF4E-D8517D3BF2D1}.Cloud|x86.ActiveCfg = Cloud|Any CPU
		{B9954535-D962-4ED3-BF4E-D8517D3BF2D1}.Cloud|x86.Build.0 = Cloud|Any CPU
		{B9954535-D962-4ED3-BF4E-D8517D3BF2D1}.Debug|Any CPU.ActiveCfg = Debug|Any CPU
		{B9954535-D962-4ED3-BF4E-D8517D3BF2D1}.Debug|Any CPU.Build.0 = Debug|Any CPU
		{B9954535-D962-4ED3-BF4E-D8517D3BF2D1}.Debug|x86.ActiveCfg = Debug|Any CPU
		{B9954535-D962-4ED3-BF4E-D8517D3BF2D1}.Debug|x86.Build.0 = Debug|Any CPU
		{B9954535-D962-4ED3-BF4E-D8517D3BF2D1}.Release|Any CPU.ActiveCfg = Release|Any CPU
		{B9954535-D962-4ED3-BF4E-D8517D3BF2D1}.Release|Any CPU.Build.0 = Release|Any CPU
		{B9954535-D962-4ED3-BF4E-D8517D3BF2D1}.Release|x86.ActiveCfg = Release|Any CPU
		{B9954535-D962-4ED3-BF4E-D8517D3BF2D1}.Release|x86.Build.0 = Release|Any CPU
		{456102AC-0C43-4F46-8EF1-AADFC0651B57}.Cloud|Any CPU.ActiveCfg = Cloud|Any CPU
		{456102AC-0C43-4F46-8EF1-AADFC0651B57}.Cloud|Any CPU.Build.0 = Cloud|Any CPU
		{456102AC-0C43-4F46-8EF1-AADFC0651B57}.Cloud|x86.ActiveCfg = Cloud|Any CPU
		{456102AC-0C43-4F46-8EF1-AADFC0651B57}.Cloud|x86.Build.0 = Cloud|Any CPU
		{456102AC-0C43-4F46-8EF1-AADFC0651B57}.Debug|Any CPU.ActiveCfg = Debug|Any CPU
		{456102AC-0C43-4F46-8EF1-AADFC0651B57}.Debug|Any CPU.Build.0 = Debug|Any CPU
		{456102AC-0C43-4F46-8EF1-AADFC0651B57}.Debug|x86.ActiveCfg = Debug|Any CPU
		{456102AC-0C43-4F46-8EF1-AADFC0651B57}.Debug|x86.Build.0 = Debug|Any CPU
		{456102AC-0C43-4F46-8EF1-AADFC0651B57}.Release|Any CPU.ActiveCfg = Release|Any CPU
		{456102AC-0C43-4F46-8EF1-AADFC0651B57}.Release|Any CPU.Build.0 = Release|Any CPU
		{456102AC-0C43-4F46-8EF1-AADFC0651B57}.Release|x86.ActiveCfg = Release|Any CPU
		{456102AC-0C43-4F46-8EF1-AADFC0651B57}.Release|x86.Build.0 = Release|Any CPU
		{079FA826-9BC2-454A-AE3D-050A4909CF6B}.Cloud|Any CPU.ActiveCfg = Cloud|Any CPU
		{079FA826-9BC2-454A-AE3D-050A4909CF6B}.Cloud|Any CPU.Build.0 = Cloud|Any CPU
		{079FA826-9BC2-454A-AE3D-050A4909CF6B}.Cloud|x86.ActiveCfg = Cloud|Any CPU
		{079FA826-9BC2-454A-AE3D-050A4909CF6B}.Cloud|x86.Build.0 = Cloud|Any CPU
		{079FA826-9BC2-454A-AE3D-050A4909CF6B}.Debug|Any CPU.ActiveCfg = Debug|Any CPU
		{079FA826-9BC2-454A-AE3D-050A4909CF6B}.Debug|Any CPU.Build.0 = Debug|Any CPU
		{079FA826-9BC2-454A-AE3D-050A4909CF6B}.Debug|x86.ActiveCfg = Debug|Any CPU
		{079FA826-9BC2-454A-AE3D-050A4909CF6B}.Debug|x86.Build.0 = Debug|Any CPU
		{079FA826-9BC2-454A-AE3D-050A4909CF6B}.Release|Any CPU.ActiveCfg = Release|Any CPU
		{079FA826-9BC2-454A-AE3D-050A4909CF6B}.Release|Any CPU.Build.0 = Release|Any CPU
		{079FA826-9BC2-454A-AE3D-050A4909CF6B}.Release|x86.ActiveCfg = Release|Any CPU
		{079FA826-9BC2-454A-AE3D-050A4909CF6B}.Release|x86.Build.0 = Release|Any CPU
	EndGlobalSection
	GlobalSection(SolutionProperties) = preSolution
		HideSolutionNode = FALSE
	EndGlobalSection
	GlobalSection(NestedProjects) = preSolution
		{888D8132-6BB8-4C6A-A35D-795FD7370614} = {A6AC133D-554D-4DE0-A239-981FB9CAAEBA}
		{A109D0AD-39B7-49EB-B7AD-A0850782E2BC} = {5AB0F043-6026-4273-B365-0B1D9DC036CF}
		{0E048DCC-F815-4D24-87B4-4210FD89E500} = {5AB0F043-6026-4273-B365-0B1D9DC036CF}
		{D0C9996F-A7F6-4F7F-A5B8-8657CF4673C9} = {5AB0F043-6026-4273-B365-0B1D9DC036CF}
		{C3B74C74-F4C7-485E-9697-B51B754FCCEE} = {5AB0F043-6026-4273-B365-0B1D9DC036CF}
		{C2CDB48E-6910-42A3-96E5-DE22025E6FAD} = {D91863F8-FB00-4448-AEAC-E1442C17CF17}
		{041F1C0A-534D-42AB-B5D7-DC6C38B9CD03} = {06FA11E8-18AC-4882-8EBE-165EE260E5D4}
		{F6633FBB-6227-4D15-838E-C6F8EC4641EC} = {06FA11E8-18AC-4882-8EBE-165EE260E5D4}
		{E3386E63-15E2-49DF-B8B8-290A5CEFFAF9} = {E57225A1-3000-4369-8C1E-A1DF4C5120B9}
		{5245A89C-FD02-404A-A0A3-C1B5F197E426} = {6B30F856-2589-4217-BA6C-92E4B5DA49B6}
		{9729F6C3-E595-4D10-A23D-719F3F35F91E} = {A10B2E6B-7856-4EA5-AF60-816879A740BE}
		{7B420A40-ACEC-4461-AE6E-CA89E2AD65C9} = {70973739-B9FB-4AD8-B051-A74574D36DC5}
		{E6B0BDA3-6554-4F1E-AF83-FD22C16B627E} = {70973739-B9FB-4AD8-B051-A74574D36DC5}
		{850E78F8-BEEE-4DD2-B4D9-CEEBE0F4DD5D} = {5AB0F043-6026-4273-B365-0B1D9DC036CF}
		{5AEB9CC5-4D0B-456C-9233-2D7517781BC9} = {5AB0F043-6026-4273-B365-0B1D9DC036CF}
		{A2075913-20FC-496C-9F53-BCA0762ECEF1} = {5AB0F043-6026-4273-B365-0B1D9DC036CF}
		{596F9CB8-45FF-4D76-ACD6-037938ED5EEE} = {6B30F856-2589-4217-BA6C-92E4B5DA49B6}
		{BD85B692-CB20-481B-9628-452D41971A92} = {6B30F856-2589-4217-BA6C-92E4B5DA49B6}
		{3366FAC6-A60E-4575-84DF-10B5FA8B1F8D} = {06FA11E8-18AC-4882-8EBE-165EE260E5D4}
	EndGlobalSection
	GlobalSection(ExtensibilityGlobals) = postSolution
		EnterpriseLibraryConfigurationToolBinariesPathV6 = packages\EnterpriseLibrary.TransientFaultHandling.6.0.1304.0\lib\portable-net45+win+wp8;packages\EnterpriseLibrary.TransientFaultHandling.Data.6.0.1304.1\lib\NET45;packages\EnterpriseLibrary.TransientFaultHandling.ServiceBus.6.0.1304.0\lib\NET45
	EndGlobalSection
EndGlobal
