
Microsoft Visual Studio Solution File, Format Version 12.00
# Visual Studio 14
VisualStudioVersion = 14.0.22609.0
MinimumVisualStudioVersion = 10.0.40219.1
Project("{2150E333-8FDC-42A3-9474-1A3956D46DE8}") = "7-Labs", "7-Labs", "{A6AC133D-554D-4DE0-A239-981FB9CAAEBA}"
EndProject
Project("{2150E333-8FDC-42A3-9474-1A3956D46DE8}") = "3-Domain", "3-Domain", "{6B30F856-2589-4217-BA6C-92E4B5DA49B6}"
EndProject
Project("{FAE04EC0-301F-11D3-BF4B-00C04F79EFBC}") = "GrainInterface", "Labs\GrainInterface\GrainInterface.csproj", "{A62C0D13-062A-4992-BBA9-AE7B5C9498CC}"
EndProject
Project("{FAE04EC0-301F-11D3-BF4B-00C04F79EFBC}") = "Grains", "Labs\Grains\Grains.csproj", "{BA713541-FF67-43E3-A562-FB05B5E705C1}"
EndProject
Project("{FAE04EC0-301F-11D3-BF4B-00C04F79EFBC}") = "SiloHost", "Labs\SiloHost\SiloHost.csproj", "{C3B357A1-BDFB-4E82-8D76-4C055D21DBBA}"
EndProject
Project("{FAE04EC0-301F-11D3-BF4B-00C04F79EFBC}") = "Yuyi.Jinyinmao.Domain.User.Interface", "Domain\Yuyi.Jinyinmao.Domain.User.Interface\Yuyi.Jinyinmao.Domain.User.Interface.csproj", "{596F9CB8-45FF-4D76-ACD6-037938ED5EEE}"
EndProject
Project("{2150E333-8FDC-42A3-9474-1A3956D46DE8}") = "8-Packages", "8-Packages", "{70973739-B9FB-4AD8-B051-A74574D36DC5}"
EndProject
Project("{FAE04EC0-301F-11D3-BF4B-00C04F79EFBC}") = "Yuyi.Jinyinmao.Domain.User", "Domain\Yuyi.Jinyinmao.Domain.User\Yuyi.Jinyinmao.Domain.User.csproj", "{BD85B692-CB20-481B-9628-452D41971A92}"
EndProject
Project("{FAE04EC0-301F-11D3-BF4B-00C04F79EFBC}") = "Yuyi.Jinyinmao.Domain.Core", "Domain\Yuyi.Jinyinmao.Domain.Core\Yuyi.Jinyinmao.Domain.Core.csproj", "{5245A89C-FD02-404A-A0A3-C1B5F197E426}"
EndProject
Project("{FAE04EC0-301F-11D3-BF4B-00C04F79EFBC}") = "Yuyi.Jinyinmao.Domain.Core.Interface", "Domain\Yuyi.Jinyinmao.Domain.Core.Interface\Yuyi.Jinyinmao.Domain.Core.Interface.csproj", "{18840DCC-CA5F-4817-BB38-E05237AE3610}"
EndProject
Project("{2150E333-8FDC-42A3-9474-1A3956D46DE8}") = "2-Api", "2-Api", "{E57225A1-3000-4369-8C1E-A1DF4C5120B9}"
EndProject
Project("{FAE04EC0-301F-11D3-BF4B-00C04F79EFBC}") = "MoeAspNet", "..\..\Moe\Repositories\MoeAspNet\MoeAspNet\MoeAspNet.csproj", "{728CD30A-8326-43E5-8A56-F599B72DBC3F}"
EndProject
Project("{FAE04EC0-301F-11D3-BF4B-00C04F79EFBC}") = "ConsoleApplication", "Labs\ConsoleApplication\ConsoleApplication.csproj", "{888D8132-6BB8-4C6A-A35D-795FD7370614}"
EndProject
Project("{2150E333-8FDC-42A3-9474-1A3956D46DE8}") = "4-Services", "4-Services", "{5AB0F043-6026-4273-B365-0B1D9DC036CF}"
EndProject
Project("{FAE04EC0-301F-11D3-BF4B-00C04F79EFBC}") = "Yuyi.Jinyinmao.Api", "Api\Yuyi.Jinyinmao.Api\Yuyi.Jinyinmao.Api.csproj", "{D2409F50-DFA5-48A4-9870-C7F321289E2F}"
EndProject
Project("{FAE04EC0-301F-11D3-BF4B-00C04F79EFBC}") = "MoeEntityFramework", "..\..\Moe\Repositories\MoeEntityFramework\MoeEntityFramework\MoeEntityFramework.csproj", "{18CBB264-3387-4F79-A644-5B018CE9EB46}"
EndProject
Project("{FAE04EC0-301F-11D3-BF4B-00C04F79EFBC}") = "Yuyi.Jinyinmao.Services.Misc", "Services\Yuyi.Jinyinmao.Services.Misc\Yuyi.Jinyinmao.Services.Misc.csproj", "{A109D0AD-39B7-49EB-B7AD-A0850782E2BC}"
EndProject
Project("{FAE04EC0-301F-11D3-BF4B-00C04F79EFBC}") = "Yuyi.Jinyinmao.Service.Misc.Interface", "Services\Yuyi.Jinyinmao.Service.Misc.Interface\Yuyi.Jinyinmao.Service.Misc.Interface.csproj", "{0E048DCC-F815-4D24-87B4-4210FD89E500}"
EndProject
Project("{FAE04EC0-301F-11D3-BF4B-00C04F79EFBC}") = "Yuyi.Jinyinmao.Service.User", "Services\Yuyi.Jinyinmao.Service.User\Yuyi.Jinyinmao.Service.User.csproj", "{D0C9996F-A7F6-4F7F-A5B8-8657CF4673C9}"
EndProject
Project("{FAE04EC0-301F-11D3-BF4B-00C04F79EFBC}") = "Yuyi.Jinyinmao.Service.User.Interface", "Services\Yuyi.Jinyinmao.Service.User.Interface\Yuyi.Jinyinmao.Service.User.Interface.csproj", "{C3B74C74-F4C7-485E-9697-B51B754FCCEE}"
EndProject
Project("{2150E333-8FDC-42A3-9474-1A3956D46DE8}") = "9-Publish", "9-Publish", "{D91863F8-FB00-4448-AEAC-E1442C17CF17}"
	ProjectSection(SolutionItems) = preProject
		Publish\InitGrainDBs.sql = Publish\InitGrainDBs.sql
		Publish\InitGrainTables.sql = Publish\InitGrainTables.sql
	EndProjectSection
EndProject
Project("{FAE04EC0-301F-11D3-BF4B-00C04F79EFBC}") = "MoeActor", "..\..\Moe\Repositories\MoeActor\MoeActor\MoeActor.csproj", "{357AFA0B-73DA-401F-BA49-4A46D1C44B8B}"
EndProject
Project("{FAE04EC0-301F-11D3-BF4B-00C04F79EFBC}") = "MoeActorInterface", "..\..\Moe\Repositories\MoeActor\MoeActorInterface\MoeActorInterface.csproj", "{261FBC2F-580A-4B4B-A56B-D152C570DCA1}"
EndProject
Project("{FAE04EC0-301F-11D3-BF4B-00C04F79EFBC}") = "Yuyi.Jinyinmao.Domain.Service.Console", "Domain\Yuyi.Jinyinmao.Domain.Service.Console\Yuyi.Jinyinmao.Domain.Service.Console.csproj", "{323DA38C-19B1-465B-8485-E9D06700F9C3}"
EndProject
Global
	GlobalSection(SolutionConfigurationPlatforms) = preSolution
		Debug|Any CPU = Debug|Any CPU
		Release|Any CPU = Release|Any CPU
	EndGlobalSection
	GlobalSection(ProjectConfigurationPlatforms) = postSolution
		{A62C0D13-062A-4992-BBA9-AE7B5C9498CC}.Debug|Any CPU.ActiveCfg = Debug|Any CPU
		{A62C0D13-062A-4992-BBA9-AE7B5C9498CC}.Debug|Any CPU.Build.0 = Debug|Any CPU
		{A62C0D13-062A-4992-BBA9-AE7B5C9498CC}.Release|Any CPU.ActiveCfg = Release|Any CPU
		{A62C0D13-062A-4992-BBA9-AE7B5C9498CC}.Release|Any CPU.Build.0 = Release|Any CPU
		{BA713541-FF67-43E3-A562-FB05B5E705C1}.Debug|Any CPU.ActiveCfg = Debug|Any CPU
		{BA713541-FF67-43E3-A562-FB05B5E705C1}.Debug|Any CPU.Build.0 = Debug|Any CPU
		{BA713541-FF67-43E3-A562-FB05B5E705C1}.Release|Any CPU.ActiveCfg = Release|Any CPU
		{BA713541-FF67-43E3-A562-FB05B5E705C1}.Release|Any CPU.Build.0 = Release|Any CPU
		{C3B357A1-BDFB-4E82-8D76-4C055D21DBBA}.Debug|Any CPU.ActiveCfg = Debug|Any CPU
		{C3B357A1-BDFB-4E82-8D76-4C055D21DBBA}.Debug|Any CPU.Build.0 = Debug|Any CPU
		{C3B357A1-BDFB-4E82-8D76-4C055D21DBBA}.Release|Any CPU.ActiveCfg = Release|Any CPU
		{C3B357A1-BDFB-4E82-8D76-4C055D21DBBA}.Release|Any CPU.Build.0 = Release|Any CPU
		{596F9CB8-45FF-4D76-ACD6-037938ED5EEE}.Debug|Any CPU.ActiveCfg = Debug|Any CPU
		{596F9CB8-45FF-4D76-ACD6-037938ED5EEE}.Debug|Any CPU.Build.0 = Debug|Any CPU
		{596F9CB8-45FF-4D76-ACD6-037938ED5EEE}.Release|Any CPU.ActiveCfg = Release|Any CPU
		{596F9CB8-45FF-4D76-ACD6-037938ED5EEE}.Release|Any CPU.Build.0 = Release|Any CPU
		{BD85B692-CB20-481B-9628-452D41971A92}.Debug|Any CPU.ActiveCfg = Debug|Any CPU
		{BD85B692-CB20-481B-9628-452D41971A92}.Debug|Any CPU.Build.0 = Debug|Any CPU
		{BD85B692-CB20-481B-9628-452D41971A92}.Release|Any CPU.ActiveCfg = Release|Any CPU
		{BD85B692-CB20-481B-9628-452D41971A92}.Release|Any CPU.Build.0 = Release|Any CPU
		{5245A89C-FD02-404A-A0A3-C1B5F197E426}.Debug|Any CPU.ActiveCfg = Debug|Any CPU
		{5245A89C-FD02-404A-A0A3-C1B5F197E426}.Debug|Any CPU.Build.0 = Debug|Any CPU
		{5245A89C-FD02-404A-A0A3-C1B5F197E426}.Release|Any CPU.ActiveCfg = Release|Any CPU
		{5245A89C-FD02-404A-A0A3-C1B5F197E426}.Release|Any CPU.Build.0 = Release|Any CPU
		{18840DCC-CA5F-4817-BB38-E05237AE3610}.Debug|Any CPU.ActiveCfg = Debug|Any CPU
		{18840DCC-CA5F-4817-BB38-E05237AE3610}.Debug|Any CPU.Build.0 = Debug|Any CPU
		{18840DCC-CA5F-4817-BB38-E05237AE3610}.Release|Any CPU.ActiveCfg = Release|Any CPU
		{18840DCC-CA5F-4817-BB38-E05237AE3610}.Release|Any CPU.Build.0 = Release|Any CPU
		{728CD30A-8326-43E5-8A56-F599B72DBC3F}.Debug|Any CPU.ActiveCfg = Debug|Any CPU
		{728CD30A-8326-43E5-8A56-F599B72DBC3F}.Debug|Any CPU.Build.0 = Debug|Any CPU
		{728CD30A-8326-43E5-8A56-F599B72DBC3F}.Release|Any CPU.ActiveCfg = Release|Any CPU
		{728CD30A-8326-43E5-8A56-F599B72DBC3F}.Release|Any CPU.Build.0 = Release|Any CPU
		{888D8132-6BB8-4C6A-A35D-795FD7370614}.Debug|Any CPU.ActiveCfg = Debug|Any CPU
		{888D8132-6BB8-4C6A-A35D-795FD7370614}.Debug|Any CPU.Build.0 = Debug|Any CPU
		{888D8132-6BB8-4C6A-A35D-795FD7370614}.Debug|Any CPU.Deploy.0 = Debug|Any CPU
		{888D8132-6BB8-4C6A-A35D-795FD7370614}.Release|Any CPU.ActiveCfg = Release|Any CPU
		{888D8132-6BB8-4C6A-A35D-795FD7370614}.Release|Any CPU.Build.0 = Release|Any CPU
		{D2409F50-DFA5-48A4-9870-C7F321289E2F}.Debug|Any CPU.ActiveCfg = Debug|Any CPU
		{D2409F50-DFA5-48A4-9870-C7F321289E2F}.Debug|Any CPU.Build.0 = Debug|Any CPU
		{D2409F50-DFA5-48A4-9870-C7F321289E2F}.Release|Any CPU.ActiveCfg = Release|Any CPU
		{D2409F50-DFA5-48A4-9870-C7F321289E2F}.Release|Any CPU.Build.0 = Release|Any CPU
		{18CBB264-3387-4F79-A644-5B018CE9EB46}.Debug|Any CPU.ActiveCfg = Debug|Any CPU
		{18CBB264-3387-4F79-A644-5B018CE9EB46}.Debug|Any CPU.Build.0 = Debug|Any CPU
		{18CBB264-3387-4F79-A644-5B018CE9EB46}.Release|Any CPU.ActiveCfg = Release|Any CPU
		{18CBB264-3387-4F79-A644-5B018CE9EB46}.Release|Any CPU.Build.0 = Release|Any CPU
		{A109D0AD-39B7-49EB-B7AD-A0850782E2BC}.Debug|Any CPU.ActiveCfg = Debug|Any CPU
		{A109D0AD-39B7-49EB-B7AD-A0850782E2BC}.Debug|Any CPU.Build.0 = Debug|Any CPU
		{A109D0AD-39B7-49EB-B7AD-A0850782E2BC}.Release|Any CPU.ActiveCfg = Release|Any CPU
		{A109D0AD-39B7-49EB-B7AD-A0850782E2BC}.Release|Any CPU.Build.0 = Release|Any CPU
		{0E048DCC-F815-4D24-87B4-4210FD89E500}.Debug|Any CPU.ActiveCfg = Debug|Any CPU
		{0E048DCC-F815-4D24-87B4-4210FD89E500}.Debug|Any CPU.Build.0 = Debug|Any CPU
		{0E048DCC-F815-4D24-87B4-4210FD89E500}.Release|Any CPU.ActiveCfg = Release|Any CPU
		{0E048DCC-F815-4D24-87B4-4210FD89E500}.Release|Any CPU.Build.0 = Release|Any CPU
		{D0C9996F-A7F6-4F7F-A5B8-8657CF4673C9}.Debug|Any CPU.ActiveCfg = Debug|Any CPU
		{D0C9996F-A7F6-4F7F-A5B8-8657CF4673C9}.Debug|Any CPU.Build.0 = Debug|Any CPU
		{D0C9996F-A7F6-4F7F-A5B8-8657CF4673C9}.Release|Any CPU.ActiveCfg = Release|Any CPU
		{D0C9996F-A7F6-4F7F-A5B8-8657CF4673C9}.Release|Any CPU.Build.0 = Release|Any CPU
		{C3B74C74-F4C7-485E-9697-B51B754FCCEE}.Debug|Any CPU.ActiveCfg = Debug|Any CPU
		{C3B74C74-F4C7-485E-9697-B51B754FCCEE}.Debug|Any CPU.Build.0 = Debug|Any CPU
		{C3B74C74-F4C7-485E-9697-B51B754FCCEE}.Release|Any CPU.ActiveCfg = Release|Any CPU
		{C3B74C74-F4C7-485E-9697-B51B754FCCEE}.Release|Any CPU.Build.0 = Release|Any CPU
		{357AFA0B-73DA-401F-BA49-4A46D1C44B8B}.Debug|Any CPU.ActiveCfg = Debug|Any CPU
		{357AFA0B-73DA-401F-BA49-4A46D1C44B8B}.Debug|Any CPU.Build.0 = Debug|Any CPU
		{357AFA0B-73DA-401F-BA49-4A46D1C44B8B}.Release|Any CPU.ActiveCfg = Release|Any CPU
		{357AFA0B-73DA-401F-BA49-4A46D1C44B8B}.Release|Any CPU.Build.0 = Release|Any CPU
		{261FBC2F-580A-4B4B-A56B-D152C570DCA1}.Debug|Any CPU.ActiveCfg = Debug|Any CPU
		{261FBC2F-580A-4B4B-A56B-D152C570DCA1}.Debug|Any CPU.Build.0 = Debug|Any CPU
		{261FBC2F-580A-4B4B-A56B-D152C570DCA1}.Release|Any CPU.ActiveCfg = Release|Any CPU
		{261FBC2F-580A-4B4B-A56B-D152C570DCA1}.Release|Any CPU.Build.0 = Release|Any CPU
		{323DA38C-19B1-465B-8485-E9D06700F9C3}.Debug|Any CPU.ActiveCfg = Debug|Any CPU
		{323DA38C-19B1-465B-8485-E9D06700F9C3}.Debug|Any CPU.Build.0 = Debug|Any CPU
		{323DA38C-19B1-465B-8485-E9D06700F9C3}.Release|Any CPU.ActiveCfg = Release|Any CPU
		{323DA38C-19B1-465B-8485-E9D06700F9C3}.Release|Any CPU.Build.0 = Release|Any CPU
	EndGlobalSection
	GlobalSection(SolutionProperties) = preSolution
		HideSolutionNode = FALSE
	EndGlobalSection
	GlobalSection(NestedProjects) = preSolution
		{A62C0D13-062A-4992-BBA9-AE7B5C9498CC} = {A6AC133D-554D-4DE0-A239-981FB9CAAEBA}
		{BA713541-FF67-43E3-A562-FB05B5E705C1} = {A6AC133D-554D-4DE0-A239-981FB9CAAEBA}
		{C3B357A1-BDFB-4E82-8D76-4C055D21DBBA} = {A6AC133D-554D-4DE0-A239-981FB9CAAEBA}
		{596F9CB8-45FF-4D76-ACD6-037938ED5EEE} = {6B30F856-2589-4217-BA6C-92E4B5DA49B6}
		{BD85B692-CB20-481B-9628-452D41971A92} = {6B30F856-2589-4217-BA6C-92E4B5DA49B6}
		{5245A89C-FD02-404A-A0A3-C1B5F197E426} = {6B30F856-2589-4217-BA6C-92E4B5DA49B6}
		{18840DCC-CA5F-4817-BB38-E05237AE3610} = {6B30F856-2589-4217-BA6C-92E4B5DA49B6}
		{728CD30A-8326-43E5-8A56-F599B72DBC3F} = {70973739-B9FB-4AD8-B051-A74574D36DC5}
		{888D8132-6BB8-4C6A-A35D-795FD7370614} = {A6AC133D-554D-4DE0-A239-981FB9CAAEBA}
		{D2409F50-DFA5-48A4-9870-C7F321289E2F} = {E57225A1-3000-4369-8C1E-A1DF4C5120B9}
		{18CBB264-3387-4F79-A644-5B018CE9EB46} = {70973739-B9FB-4AD8-B051-A74574D36DC5}
		{A109D0AD-39B7-49EB-B7AD-A0850782E2BC} = {5AB0F043-6026-4273-B365-0B1D9DC036CF}
		{0E048DCC-F815-4D24-87B4-4210FD89E500} = {5AB0F043-6026-4273-B365-0B1D9DC036CF}
		{D0C9996F-A7F6-4F7F-A5B8-8657CF4673C9} = {5AB0F043-6026-4273-B365-0B1D9DC036CF}
		{C3B74C74-F4C7-485E-9697-B51B754FCCEE} = {5AB0F043-6026-4273-B365-0B1D9DC036CF}
		{357AFA0B-73DA-401F-BA49-4A46D1C44B8B} = {70973739-B9FB-4AD8-B051-A74574D36DC5}
		{261FBC2F-580A-4B4B-A56B-D152C570DCA1} = {70973739-B9FB-4AD8-B051-A74574D36DC5}
		{323DA38C-19B1-465B-8485-E9D06700F9C3} = {6B30F856-2589-4217-BA6C-92E4B5DA49B6}
	EndGlobalSection
EndGlobal
